// !$*UTF8*$!
{
	archiveVersion = 1;
	classes = {
	};
	objectVersion = 52;
	objects = {

/* Begin PBXBuildFile section */
		5507AB672509F9DA00112C3A /* MovieDetailsDataProvider.swift in Sources */ = {isa = PBXBuildFile; fileRef = 5507AB662509F9DA00112C3A /* MovieDetailsDataProvider.swift */; };
		553660F722DACC9100BE03BB /* MovieDetailViewController.swift in Sources */ = {isa = PBXBuildFile; fileRef = 553660F622DACC9100BE03BB /* MovieDetailViewController.swift */; };
		553660FB22DAFC0B00BE03BB /* CastCredit.swift in Sources */ = {isa = PBXBuildFile; fileRef = 553660F922DAFC0B00BE03BB /* CastCredit.swift */; };
		5536610722DB037500BE03BB /* CrewCredit.swift in Sources */ = {isa = PBXBuildFile; fileRef = 5536610522DB037500BE03BB /* CrewCredit.swift */; };
		5545203822D99CB0004B7924 /* Movie.swift in Sources */ = {isa = PBXBuildFile; fileRef = 5545203622D99CB0004B7924 /* Movie.swift */; };
		5545203B22D99D8F004B7924 /* MovieDBService.swift in Sources */ = {isa = PBXBuildFile; fileRef = 5545203A22D99D8F004B7924 /* MovieDBService.swift */; };
		554677882506C9E4002FF7B5 /* MoviesTableViewDataSource.swift in Sources */ = {isa = PBXBuildFile; fileRef = 554677872506C9E4002FF7B5 /* MoviesTableViewDataSource.swift */; };
		5546778C2506CAF6002FF7B5 /* MovieCellConfigurator.swift in Sources */ = {isa = PBXBuildFile; fileRef = 5546778B2506CAF6002FF7B5 /* MovieCellConfigurator.swift */; };
		554BD9D122DA79C3003A74ED /* LoadingCell.swift in Sources */ = {isa = PBXBuildFile; fileRef = 554BD9D022DA79C3003A74ED /* LoadingCell.swift */; };
		55518D442511292E00DAEB7F /* SectionTitleView.swift in Sources */ = {isa = PBXBuildFile; fileRef = 55518D422511292E00DAEB7F /* SectionTitleView.swift */; };
		55518D452511292E00DAEB7F /* SectionTitleView.xib in Resources */ = {isa = PBXBuildFile; fileRef = 55518D432511292E00DAEB7F /* SectionTitleView.xib */; };
		55518D472511447A00DAEB7F /* HomeSection.swift in Sources */ = {isa = PBXBuildFile; fileRef = 55518D462511447A00DAEB7F /* HomeSection.swift */; };
		55518D492511450900DAEB7F /* HomeCollectionViewDataSource.swift in Sources */ = {isa = PBXBuildFile; fileRef = 55518D482511450900DAEB7F /* HomeCollectionViewDataSource.swift */; };
		5568931922DA474900D9FEE9 /* MovieCell.swift in Sources */ = {isa = PBXBuildFile; fileRef = 5568931822DA474900D9FEE9 /* MovieCell.swift */; };
		5587114A25108079005A0975 /* MovieInfoCell.swift in Sources */ = {isa = PBXBuildFile; fileRef = 5587114825108079005A0975 /* MovieInfoCell.swift */; };
		5587114B25108079005A0975 /* MovieInfoCell.xib in Resources */ = {isa = PBXBuildFile; fileRef = 5587114925108079005A0975 /* MovieInfoCell.xib */; };
		558A5A8C251053C600E5FB40 /* MovieBannerCell.swift in Sources */ = {isa = PBXBuildFile; fileRef = 558A5A8A251053C600E5FB40 /* MovieBannerCell.swift */; };
		558A5A8D251053C600E5FB40 /* MovieBannerCell.xib in Resources */ = {isa = PBXBuildFile; fileRef = 558A5A8B251053C600E5FB40 /* MovieBannerCell.xib */; };
		558A5A90251054C700E5FB40 /* ObjectMapper in Frameworks */ = {isa = PBXBuildFile; productRef = 558A5A8F251054C700E5FB40 /* ObjectMapper */; };
		558A5A93251054F600E5FB40 /* Alamofire in Frameworks */ = {isa = PBXBuildFile; productRef = 558A5A92251054F600E5FB40 /* Alamofire */; };
		558A5A962510550D00E5FB40 /* AlamofireImage in Frameworks */ = {isa = PBXBuildFile; productRef = 558A5A952510550D00E5FB40 /* AlamofireImage */; };
		558A5A9825106C1400E5FB40 /* SectionBackgroundDecorationView.swift in Sources */ = {isa = PBXBuildFile; fileRef = 558A5A9725106C1400E5FB40 /* SectionBackgroundDecorationView.swift */; };
		558A5A9B25106F8900E5FB40 /* MovieListCell.swift in Sources */ = {isa = PBXBuildFile; fileRef = 558A5A9925106F8900E5FB40 /* MovieListCell.swift */; };
		558A5A9C25106F8900E5FB40 /* MovieListCell.xib in Resources */ = {isa = PBXBuildFile; fileRef = 558A5A9A25106F8900E5FB40 /* MovieListCell.xib */; };
		559D132122D98E4800C96FC8 /* AppDelegate.swift in Sources */ = {isa = PBXBuildFile; fileRef = 559D132022D98E4800C96FC8 /* AppDelegate.swift */; };
		559D132622D98E4800C96FC8 /* Main.storyboard in Resources */ = {isa = PBXBuildFile; fileRef = 559D132422D98E4800C96FC8 /* Main.storyboard */; };
		559D132822D98E4B00C96FC8 /* Assets.xcassets in Resources */ = {isa = PBXBuildFile; fileRef = 559D132722D98E4B00C96FC8 /* Assets.xcassets */; };
		559D132B22D98E4B00C96FC8 /* LaunchScreen.storyboard in Resources */ = {isa = PBXBuildFile; fileRef = 559D132922D98E4B00C96FC8 /* LaunchScreen.storyboard */; };
		559D133322D98EFF00C96FC8 /* MovieListViewController.swift in Sources */ = {isa = PBXBuildFile; fileRef = 559D133222D98EFF00C96FC8 /* MovieListViewController.swift */; };
		55A6A98F2511A6C400305C29 /* MovieGenre.swift in Sources */ = {isa = PBXBuildFile; fileRef = 55A6A98E2511A6C400305C29 /* MovieGenre.swift */; };
		55A6A9922511A72800305C29 /* MovieGenreTransformer.swift in Sources */ = {isa = PBXBuildFile; fileRef = 55A6A9912511A72800305C29 /* MovieGenreTransformer.swift */; };
		55A6A9942511B6ED00305C29 /* RatingsView.swift in Sources */ = {isa = PBXBuildFile; fileRef = 55A6A9932511B6ED00305C29 /* RatingsView.swift */; };
		55AA47122506B1B900E25C59 /* MovieListDataProvider.swift in Sources */ = {isa = PBXBuildFile; fileRef = 55AA47112506B1B900E25C59 /* MovieListDataProvider.swift */; };
		55D00F372505E5AA00266167 /* HomeCollectionViewController.swift in Sources */ = {isa = PBXBuildFile; fileRef = 55D00F362505E5AA00266167 /* HomeCollectionViewController.swift */; };
		55D00F3B2505E93200266167 /* CollectionViewDataSource.swift in Sources */ = {isa = PBXBuildFile; fileRef = 55D00F3A2505E93200266167 /* CollectionViewDataSource.swift */; };
		55D00F3D2505EACF00266167 /* CollectionViewCellConfigurator.swift in Sources */ = {isa = PBXBuildFile; fileRef = 55D00F3C2505EACF00266167 /* CollectionViewCellConfigurator.swift */; };
		55EECCDA25117D230041EAE7 /* MoviesCompositionalLayoutBuilder.swift in Sources */ = {isa = PBXBuildFile; fileRef = 55EECCD925117D230041EAE7 /* MoviesCompositionalLayoutBuilder.swift */; };
		55EECCDD2511907B0041EAE7 /* Movie+ImageUtils.swift in Sources */ = {isa = PBXBuildFile; fileRef = 55EECCDC2511907B0041EAE7 /* Movie+ImageUtils.swift */; };
		55EECCDF251190990041EAE7 /* UIViewController+Storyboard.swift in Sources */ = {isa = PBXBuildFile; fileRef = 55EECCDE251190990041EAE7 /* UIViewController+Storyboard.swift */; };
		55EECCE525119A1A0041EAE7 /* MainCoordinator.swift in Sources */ = {isa = PBXBuildFile; fileRef = 55EECCE425119A1A0041EAE7 /* MainCoordinator.swift */; };
		55FBFB82251279C000708A4E /* MoviePosterCell.swift in Sources */ = {isa = PBXBuildFile; fileRef = 55FBFB80251279C000708A4E /* MoviePosterCell.swift */; };
		55FBFB83251279C000708A4E /* MoviePosterCell.xib in Resources */ = {isa = PBXBuildFile; fileRef = 55FBFB81251279C000708A4E /* MoviePosterCell.xib */; };
/* End PBXBuildFile section */

/* Begin PBXFileReference section */
		5507AB662509F9DA00112C3A /* MovieDetailsDataProvider.swift */ = {isa = PBXFileReference; lastKnownFileType = sourcecode.swift; path = MovieDetailsDataProvider.swift; sourceTree = "<group>"; };
		553660F622DACC9100BE03BB /* MovieDetailViewController.swift */ = {isa = PBXFileReference; lastKnownFileType = sourcecode.swift; path = MovieDetailViewController.swift; sourceTree = "<group>"; };
		553660F922DAFC0B00BE03BB /* CastCredit.swift */ = {isa = PBXFileReference; lastKnownFileType = sourcecode.swift; path = CastCredit.swift; sourceTree = "<group>"; };
		5536610522DB037500BE03BB /* CrewCredit.swift */ = {isa = PBXFileReference; lastKnownFileType = sourcecode.swift; path = CrewCredit.swift; sourceTree = "<group>"; };
		5545203622D99CB0004B7924 /* Movie.swift */ = {isa = PBXFileReference; lastKnownFileType = sourcecode.swift; path = Movie.swift; sourceTree = "<group>"; };
		5545203A22D99D8F004B7924 /* MovieDBService.swift */ = {isa = PBXFileReference; lastKnownFileType = sourcecode.swift; path = MovieDBService.swift; sourceTree = "<group>"; };
		554677872506C9E4002FF7B5 /* MoviesTableViewDataSource.swift */ = {isa = PBXFileReference; lastKnownFileType = sourcecode.swift; path = MoviesTableViewDataSource.swift; sourceTree = "<group>"; };
		5546778B2506CAF6002FF7B5 /* MovieCellConfigurator.swift */ = {isa = PBXFileReference; lastKnownFileType = sourcecode.swift; path = MovieCellConfigurator.swift; sourceTree = "<group>"; };
		554BD9D022DA79C3003A74ED /* LoadingCell.swift */ = {isa = PBXFileReference; lastKnownFileType = sourcecode.swift; path = LoadingCell.swift; sourceTree = "<group>"; };
		55518D422511292E00DAEB7F /* SectionTitleView.swift */ = {isa = PBXFileReference; lastKnownFileType = sourcecode.swift; path = SectionTitleView.swift; sourceTree = "<group>"; };
		55518D432511292E00DAEB7F /* SectionTitleView.xib */ = {isa = PBXFileReference; lastKnownFileType = file.xib; path = SectionTitleView.xib; sourceTree = "<group>"; };
		55518D462511447A00DAEB7F /* HomeSection.swift */ = {isa = PBXFileReference; lastKnownFileType = sourcecode.swift; path = HomeSection.swift; sourceTree = "<group>"; };
		55518D482511450900DAEB7F /* HomeCollectionViewDataSource.swift */ = {isa = PBXFileReference; lastKnownFileType = sourcecode.swift; path = HomeCollectionViewDataSource.swift; sourceTree = "<group>"; };
		5568931822DA474900D9FEE9 /* MovieCell.swift */ = {isa = PBXFileReference; lastKnownFileType = sourcecode.swift; path = MovieCell.swift; sourceTree = "<group>"; };
		5587114825108079005A0975 /* MovieInfoCell.swift */ = {isa = PBXFileReference; lastKnownFileType = sourcecode.swift; path = MovieInfoCell.swift; sourceTree = "<group>"; };
		5587114925108079005A0975 /* MovieInfoCell.xib */ = {isa = PBXFileReference; lastKnownFileType = file.xib; path = MovieInfoCell.xib; sourceTree = "<group>"; };
		558A5A8A251053C600E5FB40 /* MovieBannerCell.swift */ = {isa = PBXFileReference; lastKnownFileType = sourcecode.swift; path = MovieBannerCell.swift; sourceTree = "<group>"; };
		558A5A8B251053C600E5FB40 /* MovieBannerCell.xib */ = {isa = PBXFileReference; lastKnownFileType = file.xib; path = MovieBannerCell.xib; sourceTree = "<group>"; };
		558A5A9725106C1400E5FB40 /* SectionBackgroundDecorationView.swift */ = {isa = PBXFileReference; lastKnownFileType = sourcecode.swift; path = SectionBackgroundDecorationView.swift; sourceTree = "<group>"; };
		558A5A9925106F8900E5FB40 /* MovieListCell.swift */ = {isa = PBXFileReference; lastKnownFileType = sourcecode.swift; path = MovieListCell.swift; sourceTree = "<group>"; };
		558A5A9A25106F8900E5FB40 /* MovieListCell.xib */ = {isa = PBXFileReference; lastKnownFileType = file.xib; path = MovieListCell.xib; sourceTree = "<group>"; };
		559D131D22D98E4800C96FC8 /* MovieDemo.app */ = {isa = PBXFileReference; explicitFileType = wrapper.application; includeInIndex = 0; path = MovieDemo.app; sourceTree = BUILT_PRODUCTS_DIR; };
		559D132022D98E4800C96FC8 /* AppDelegate.swift */ = {isa = PBXFileReference; lastKnownFileType = sourcecode.swift; path = AppDelegate.swift; sourceTree = "<group>"; };
		559D132522D98E4800C96FC8 /* Base */ = {isa = PBXFileReference; lastKnownFileType = file.storyboard; name = Base; path = Base.lproj/Main.storyboard; sourceTree = "<group>"; };
		559D132722D98E4B00C96FC8 /* Assets.xcassets */ = {isa = PBXFileReference; lastKnownFileType = folder.assetcatalog; path = Assets.xcassets; sourceTree = "<group>"; };
		559D132A22D98E4B00C96FC8 /* Base */ = {isa = PBXFileReference; lastKnownFileType = file.storyboard; name = Base; path = Base.lproj/LaunchScreen.storyboard; sourceTree = "<group>"; };
		559D132C22D98E4B00C96FC8 /* Info.plist */ = {isa = PBXFileReference; lastKnownFileType = text.plist.xml; path = Info.plist; sourceTree = "<group>"; };
		559D133222D98EFF00C96FC8 /* MovieListViewController.swift */ = {isa = PBXFileReference; lastKnownFileType = sourcecode.swift; path = MovieListViewController.swift; sourceTree = "<group>"; };
		55A6A98E2511A6C400305C29 /* MovieGenre.swift */ = {isa = PBXFileReference; lastKnownFileType = sourcecode.swift; path = MovieGenre.swift; sourceTree = "<group>"; };
		55A6A9912511A72800305C29 /* MovieGenreTransformer.swift */ = {isa = PBXFileReference; lastKnownFileType = sourcecode.swift; path = MovieGenreTransformer.swift; sourceTree = "<group>"; };
		55A6A9932511B6ED00305C29 /* RatingsView.swift */ = {isa = PBXFileReference; lastKnownFileType = sourcecode.swift; path = RatingsView.swift; sourceTree = "<group>"; };
		55AA47112506B1B900E25C59 /* MovieListDataProvider.swift */ = {isa = PBXFileReference; lastKnownFileType = sourcecode.swift; path = MovieListDataProvider.swift; sourceTree = "<group>"; };
		55D00F362505E5AA00266167 /* HomeCollectionViewController.swift */ = {isa = PBXFileReference; lastKnownFileType = sourcecode.swift; path = HomeCollectionViewController.swift; sourceTree = "<group>"; };
		55D00F3A2505E93200266167 /* CollectionViewDataSource.swift */ = {isa = PBXFileReference; lastKnownFileType = sourcecode.swift; path = CollectionViewDataSource.swift; sourceTree = "<group>"; };
		55D00F3C2505EACF00266167 /* CollectionViewCellConfigurator.swift */ = {isa = PBXFileReference; lastKnownFileType = sourcecode.swift; path = CollectionViewCellConfigurator.swift; sourceTree = "<group>"; };
		55EECCD925117D230041EAE7 /* MoviesCompositionalLayoutBuilder.swift */ = {isa = PBXFileReference; lastKnownFileType = sourcecode.swift; path = MoviesCompositionalLayoutBuilder.swift; sourceTree = "<group>"; };
		55EECCDC2511907B0041EAE7 /* Movie+ImageUtils.swift */ = {isa = PBXFileReference; lastKnownFileType = sourcecode.swift; path = "Movie+ImageUtils.swift"; sourceTree = "<group>"; };
		55EECCDE251190990041EAE7 /* UIViewController+Storyboard.swift */ = {isa = PBXFileReference; lastKnownFileType = sourcecode.swift; path = "UIViewController+Storyboard.swift"; sourceTree = "<group>"; };
		55EECCE425119A1A0041EAE7 /* MainCoordinator.swift */ = {isa = PBXFileReference; lastKnownFileType = sourcecode.swift; path = MainCoordinator.swift; sourceTree = "<group>"; };
		55FBFB80251279C000708A4E /* MoviePosterCell.swift */ = {isa = PBXFileReference; lastKnownFileType = sourcecode.swift; path = MoviePosterCell.swift; sourceTree = "<group>"; };
		55FBFB81251279C000708A4E /* MoviePosterCell.xib */ = {isa = PBXFileReference; lastKnownFileType = file.xib; path = MoviePosterCell.xib; sourceTree = "<group>"; };
/* End PBXFileReference section */

/* Begin PBXFrameworksBuildPhase section */
		559D131A22D98E4800C96FC8 /* Frameworks */ = {
			isa = PBXFrameworksBuildPhase;
			buildActionMask = 2147483647;
			files = (
				558A5A93251054F600E5FB40 /* Alamofire in Frameworks */,
				558A5A962510550D00E5FB40 /* AlamofireImage in Frameworks */,
				558A5A90251054C700E5FB40 /* ObjectMapper in Frameworks */,
			);
			runOnlyForDeploymentPostprocessing = 0;
		};
/* End PBXFrameworksBuildPhase section */

/* Begin PBXGroup section */
		55518D4A251151B300DAEB7F /* MovieDetail */ = {
			isa = PBXGroup;
			children = (
				553660F622DACC9100BE03BB /* MovieDetailViewController.swift */,
			);
			path = MovieDetail;
			sourceTree = "<group>";
		};
		55833CC0250614FD0099EFAA /* Data Sources */ = {
			isa = PBXGroup;
			children = (
				55D00F3A2505E93200266167 /* CollectionViewDataSource.swift */,
				55D00F3C2505EACF00266167 /* CollectionViewCellConfigurator.swift */,
			);
			path = "Data Sources";
			sourceTree = "<group>";
		};
		5587114C25108082005A0975 /* Cells + Views */ = {
			isa = PBXGroup;
			children = (
				558A5A8A251053C600E5FB40 /* MovieBannerCell.swift */,
				558A5A8B251053C600E5FB40 /* MovieBannerCell.xib */,
				55FBFB80251279C000708A4E /* MoviePosterCell.swift */,
				55FBFB81251279C000708A4E /* MoviePosterCell.xib */,
				558A5A9925106F8900E5FB40 /* MovieListCell.swift */,
				558A5A9A25106F8900E5FB40 /* MovieListCell.xib */,
				558A5A9725106C1400E5FB40 /* SectionBackgroundDecorationView.swift */,
				5587114825108079005A0975 /* MovieInfoCell.swift */,
				5587114925108079005A0975 /* MovieInfoCell.xib */,
				55518D422511292E00DAEB7F /* SectionTitleView.swift */,
				55518D432511292E00DAEB7F /* SectionTitleView.xib */,
			);
			path = "Cells + Views";
			sourceTree = "<group>";
		};
		558A5A892510531F00E5FB40 /* MoviesCollection (Compositional) */ = {
			isa = PBXGroup;
			children = (
				5587114C25108082005A0975 /* Cells + Views */,
				55D00F362505E5AA00266167 /* HomeCollectionViewController.swift */,
				55518D462511447A00DAEB7F /* HomeSection.swift */,
				55518D482511450900DAEB7F /* HomeCollectionViewDataSource.swift */,
				55EECCD925117D230041EAE7 /* MoviesCompositionalLayoutBuilder.swift */,
			);
			path = "MoviesCollection (Compositional)";
			sourceTree = "<group>";
		};
		559D131422D98E4700C96FC8 = {
			isa = PBXGroup;
			children = (
				559D131F22D98E4800C96FC8 /* MovieDemo */,
				559D131E22D98E4800C96FC8 /* Products */,
			);
			sourceTree = "<group>";
		};
		559D131E22D98E4800C96FC8 /* Products */ = {
			isa = PBXGroup;
			children = (
				559D131D22D98E4800C96FC8 /* MovieDemo.app */,
			);
			name = Products;
			sourceTree = "<group>";
		};
		559D131F22D98E4800C96FC8 /* MovieDemo */ = {
			isa = PBXGroup;
			children = (
				559D132022D98E4800C96FC8 /* AppDelegate.swift */,
				55EECCE425119A1A0041EAE7 /* MainCoordinator.swift */,
				5545203A22D99D8F004B7924 /* MovieDBService.swift */,
				55A6A9902511A70E00305C29 /* Utils */,
				55E07D7A22D9983C00AF0144 /* Model */,
				55EECCDB2511905A0041EAE7 /* Extensions */,
				55833CC0250614FD0099EFAA /* Data Sources */,
				55EECCD825117C3B0041EAE7 /* Data Providers */,
				558A5A892510531F00E5FB40 /* MoviesCollection (Compositional) */,
				55AA47102506B13A00E25C59 /* MovieList */,
				55518D4A251151B300DAEB7F /* MovieDetail */,
				559D132422D98E4800C96FC8 /* Main.storyboard */,
				559D132722D98E4B00C96FC8 /* Assets.xcassets */,
				559D132922D98E4B00C96FC8 /* LaunchScreen.storyboard */,
				559D132C22D98E4B00C96FC8 /* Info.plist */,
			);
			path = MovieDemo;
			sourceTree = "<group>";
		};
		55A6A9902511A70E00305C29 /* Utils */ = {
			isa = PBXGroup;
			children = (
				55A6A9912511A72800305C29 /* MovieGenreTransformer.swift */,
				55A6A9932511B6ED00305C29 /* RatingsView.swift */,
			);
			path = Utils;
			sourceTree = "<group>";
		};
		55AA47102506B13A00E25C59 /* MovieList */ = {
			isa = PBXGroup;
			children = (
				559D133222D98EFF00C96FC8 /* MovieListViewController.swift */,
				554677872506C9E4002FF7B5 /* MoviesTableViewDataSource.swift */,
				5568931822DA474900D9FEE9 /* MovieCell.swift */,
				5546778B2506CAF6002FF7B5 /* MovieCellConfigurator.swift */,
				554BD9D022DA79C3003A74ED /* LoadingCell.swift */,
			);
			path = MovieList;
			sourceTree = "<group>";
		};
		55E07D7A22D9983C00AF0144 /* Model */ = {
			isa = PBXGroup;
			children = (
				5545203622D99CB0004B7924 /* Movie.swift */,
				55A6A98E2511A6C400305C29 /* MovieGenre.swift */,
				553660F922DAFC0B00BE03BB /* CastCredit.swift */,
				5536610522DB037500BE03BB /* CrewCredit.swift */,
			);
			path = Model;
			sourceTree = "<group>";
		};
		55EECCD825117C3B0041EAE7 /* Data Providers */ = {
			isa = PBXGroup;
			children = (
				55AA47112506B1B900E25C59 /* MovieListDataProvider.swift */,
				5507AB662509F9DA00112C3A /* MovieDetailsDataProvider.swift */,
			);
			path = "Data Providers";
			sourceTree = "<group>";
		};
		55EECCDB2511905A0041EAE7 /* Extensions */ = {
			isa = PBXGroup;
			children = (
				55EECCDC2511907B0041EAE7 /* Movie+ImageUtils.swift */,
				55EECCDE251190990041EAE7 /* UIViewController+Storyboard.swift */,
			);
			path = Extensions;
			sourceTree = "<group>";
		};
/* End PBXGroup section */

/* Begin PBXNativeTarget section */
		559D131C22D98E4800C96FC8 /* MovieDemo */ = {
			isa = PBXNativeTarget;
			buildConfigurationList = 559D132F22D98E4B00C96FC8 /* Build configuration list for PBXNativeTarget "MovieDemo" */;
			buildPhases = (
				559D131922D98E4800C96FC8 /* Sources */,
				559D131A22D98E4800C96FC8 /* Frameworks */,
				559D131B22D98E4800C96FC8 /* Resources */,
			);
			buildRules = (
			);
			dependencies = (
			);
			name = MovieDemo;
			packageProductDependencies = (
				558A5A8F251054C700E5FB40 /* ObjectMapper */,
				558A5A92251054F600E5FB40 /* Alamofire */,
				558A5A952510550D00E5FB40 /* AlamofireImage */,
			);
			productName = MovieDemo;
			productReference = 559D131D22D98E4800C96FC8 /* MovieDemo.app */;
			productType = "com.apple.product-type.application";
		};
/* End PBXNativeTarget section */

/* Begin PBXProject section */
		559D131522D98E4800C96FC8 /* Project object */ = {
			isa = PBXProject;
			attributes = {
				LastSwiftUpdateCheck = 1020;
				LastUpgradeCheck = 1020;
				ORGANIZATIONNAME = "Oscar Vernis";
				TargetAttributes = {
					559D131C22D98E4800C96FC8 = {
						CreatedOnToolsVersion = 10.2.1;
					};
				};
			};
			buildConfigurationList = 559D131822D98E4800C96FC8 /* Build configuration list for PBXProject "MovieDemo" */;
			compatibilityVersion = "Xcode 9.3";
			developmentRegion = en;
			hasScannedForEncodings = 0;
			knownRegions = (
				en,
				Base,
			);
			mainGroup = 559D131422D98E4700C96FC8;
			packageReferences = (
				558A5A8E251054C700E5FB40 /* XCRemoteSwiftPackageReference "ObjectMapper" */,
				558A5A91251054F600E5FB40 /* XCRemoteSwiftPackageReference "Alamofire" */,
				558A5A942510550D00E5FB40 /* XCRemoteSwiftPackageReference "AlamofireImage" */,
			);
			productRefGroup = 559D131E22D98E4800C96FC8 /* Products */;
			projectDirPath = "";
			projectRoot = "";
			targets = (
				559D131C22D98E4800C96FC8 /* MovieDemo */,
			);
		};
/* End PBXProject section */

/* Begin PBXResourcesBuildPhase section */
		559D131B22D98E4800C96FC8 /* Resources */ = {
			isa = PBXResourcesBuildPhase;
			buildActionMask = 2147483647;
			files = (
				558A5A9C25106F8900E5FB40 /* MovieListCell.xib in Resources */,
				55FBFB83251279C000708A4E /* MoviePosterCell.xib in Resources */,
				559D132B22D98E4B00C96FC8 /* LaunchScreen.storyboard in Resources */,
				559D132822D98E4B00C96FC8 /* Assets.xcassets in Resources */,
				558A5A8D251053C600E5FB40 /* MovieBannerCell.xib in Resources */,
				5587114B25108079005A0975 /* MovieInfoCell.xib in Resources */,
				559D132622D98E4800C96FC8 /* Main.storyboard in Resources */,
				55518D452511292E00DAEB7F /* SectionTitleView.xib in Resources */,
			);
			runOnlyForDeploymentPostprocessing = 0;
		};
/* End PBXResourcesBuildPhase section */

/* Begin PBXSourcesBuildPhase section */
		559D131922D98E4800C96FC8 /* Sources */ = {
			isa = PBXSourcesBuildPhase;
			buildActionMask = 2147483647;
			files = (
				5568931922DA474900D9FEE9 /* MovieCell.swift in Sources */,
				5507AB672509F9DA00112C3A /* MovieDetailsDataProvider.swift in Sources */,
				553660F722DACC9100BE03BB /* MovieDetailViewController.swift in Sources */,
				55A6A9942511B6ED00305C29 /* RatingsView.swift in Sources */,
				55518D472511447A00DAEB7F /* HomeSection.swift in Sources */,
				55EECCDD2511907B0041EAE7 /* Movie+ImageUtils.swift in Sources */,
				5536610722DB037500BE03BB /* CrewCredit.swift in Sources */,
				558A5A9825106C1400E5FB40 /* SectionBackgroundDecorationView.swift in Sources */,
				5587114A25108079005A0975 /* MovieInfoCell.swift in Sources */,
				553660FB22DAFC0B00BE03BB /* CastCredit.swift in Sources */,
				554BD9D122DA79C3003A74ED /* LoadingCell.swift in Sources */,
				559D132122D98E4800C96FC8 /* AppDelegate.swift in Sources */,
				55EECCDF251190990041EAE7 /* UIViewController+Storyboard.swift in Sources */,
				55A6A9922511A72800305C29 /* MovieGenreTransformer.swift in Sources */,
				55518D492511450900DAEB7F /* HomeCollectionViewDataSource.swift in Sources */,
				554677882506C9E4002FF7B5 /* MoviesTableViewDataSource.swift in Sources */,
				55FBFB82251279C000708A4E /* MoviePosterCell.swift in Sources */,
				55D00F3B2505E93200266167 /* CollectionViewDataSource.swift in Sources */,
				558A5A8C251053C600E5FB40 /* MovieBannerCell.swift in Sources */,
				55AA47122506B1B900E25C59 /* MovieListDataProvider.swift in Sources */,
				559D133322D98EFF00C96FC8 /* MovieListViewController.swift in Sources */,
				55D00F3D2505EACF00266167 /* CollectionViewCellConfigurator.swift in Sources */,
				5546778C2506CAF6002FF7B5 /* MovieCellConfigurator.swift in Sources */,
				55A6A98F2511A6C400305C29 /* MovieGenre.swift in Sources */,
				55EECCDA25117D230041EAE7 /* MoviesCompositionalLayoutBuilder.swift in Sources */,
				55518D442511292E00DAEB7F /* SectionTitleView.swift in Sources */,
				5545203822D99CB0004B7924 /* Movie.swift in Sources */,
				5545203B22D99D8F004B7924 /* MovieDBService.swift in Sources */,
				55D00F372505E5AA00266167 /* HomeCollectionViewController.swift in Sources */,
				55EECCE525119A1A0041EAE7 /* MainCoordinator.swift in Sources */,
				558A5A9B25106F8900E5FB40 /* MovieListCell.swift in Sources */,
			);
			runOnlyForDeploymentPostprocessing = 0;
		};
/* End PBXSourcesBuildPhase section */

/* Begin PBXVariantGroup section */
		559D132422D98E4800C96FC8 /* Main.storyboard */ = {
			isa = PBXVariantGroup;
			children = (
				559D132522D98E4800C96FC8 /* Base */,
			);
			name = Main.storyboard;
			sourceTree = "<group>";
		};
		559D132922D98E4B00C96FC8 /* LaunchScreen.storyboard */ = {
			isa = PBXVariantGroup;
			children = (
				559D132A22D98E4B00C96FC8 /* Base */,
			);
			name = LaunchScreen.storyboard;
			sourceTree = "<group>";
		};
/* End PBXVariantGroup section */

/* Begin XCBuildConfiguration section */
		559D132D22D98E4B00C96FC8 /* Debug */ = {
			isa = XCBuildConfiguration;
			buildSettings = {
				ALWAYS_SEARCH_USER_PATHS = NO;
				CLANG_ANALYZER_NONNULL = YES;
				CLANG_ANALYZER_NUMBER_OBJECT_CONVERSION = YES_AGGRESSIVE;
				CLANG_CXX_LANGUAGE_STANDARD = "gnu++14";
				CLANG_CXX_LIBRARY = "libc++";
				CLANG_ENABLE_MODULES = YES;
				CLANG_ENABLE_OBJC_ARC = YES;
				CLANG_ENABLE_OBJC_WEAK = YES;
				CLANG_WARN_BLOCK_CAPTURE_AUTORELEASING = YES;
				CLANG_WARN_BOOL_CONVERSION = YES;
				CLANG_WARN_COMMA = YES;
				CLANG_WARN_CONSTANT_CONVERSION = YES;
				CLANG_WARN_DEPRECATED_OBJC_IMPLEMENTATIONS = YES;
				CLANG_WARN_DIRECT_OBJC_ISA_USAGE = YES_ERROR;
				CLANG_WARN_DOCUMENTATION_COMMENTS = YES;
				CLANG_WARN_EMPTY_BODY = YES;
				CLANG_WARN_ENUM_CONVERSION = YES;
				CLANG_WARN_INFINITE_RECURSION = YES;
				CLANG_WARN_INT_CONVERSION = YES;
				CLANG_WARN_NON_LITERAL_NULL_CONVERSION = YES;
				CLANG_WARN_OBJC_IMPLICIT_RETAIN_SELF = YES;
				CLANG_WARN_OBJC_LITERAL_CONVERSION = YES;
				CLANG_WARN_OBJC_ROOT_CLASS = YES_ERROR;
				CLANG_WARN_RANGE_LOOP_ANALYSIS = YES;
				CLANG_WARN_STRICT_PROTOTYPES = YES;
				CLANG_WARN_SUSPICIOUS_MOVE = YES;
				CLANG_WARN_UNGUARDED_AVAILABILITY = YES_AGGRESSIVE;
				CLANG_WARN_UNREACHABLE_CODE = YES;
				CLANG_WARN__DUPLICATE_METHOD_MATCH = YES;
				CODE_SIGN_IDENTITY = "iPhone Developer";
				COPY_PHASE_STRIP = NO;
				DEBUG_INFORMATION_FORMAT = dwarf;
				ENABLE_STRICT_OBJC_MSGSEND = YES;
				ENABLE_TESTABILITY = YES;
				GCC_C_LANGUAGE_STANDARD = gnu11;
				GCC_DYNAMIC_NO_PIC = NO;
				GCC_NO_COMMON_BLOCKS = YES;
				GCC_OPTIMIZATION_LEVEL = 0;
				GCC_PREPROCESSOR_DEFINITIONS = (
					"DEBUG=1",
					"$(inherited)",
				);
				GCC_WARN_64_TO_32_BIT_CONVERSION = YES;
				GCC_WARN_ABOUT_RETURN_TYPE = YES_ERROR;
				GCC_WARN_UNDECLARED_SELECTOR = YES;
				GCC_WARN_UNINITIALIZED_AUTOS = YES_AGGRESSIVE;
				GCC_WARN_UNUSED_FUNCTION = YES;
				GCC_WARN_UNUSED_VARIABLE = YES;
				IPHONEOS_DEPLOYMENT_TARGET = 12.2;
				MTL_ENABLE_DEBUG_INFO = INCLUDE_SOURCE;
				MTL_FAST_MATH = YES;
				ONLY_ACTIVE_ARCH = YES;
				SDKROOT = iphoneos;
				SWIFT_ACTIVE_COMPILATION_CONDITIONS = DEBUG;
				SWIFT_OPTIMIZATION_LEVEL = "-Onone";
			};
			name = Debug;
		};
		559D132E22D98E4B00C96FC8 /* Release */ = {
			isa = XCBuildConfiguration;
			buildSettings = {
				ALWAYS_SEARCH_USER_PATHS = NO;
				CLANG_ANALYZER_NONNULL = YES;
				CLANG_ANALYZER_NUMBER_OBJECT_CONVERSION = YES_AGGRESSIVE;
				CLANG_CXX_LANGUAGE_STANDARD = "gnu++14";
				CLANG_CXX_LIBRARY = "libc++";
				CLANG_ENABLE_MODULES = YES;
				CLANG_ENABLE_OBJC_ARC = YES;
				CLANG_ENABLE_OBJC_WEAK = YES;
				CLANG_WARN_BLOCK_CAPTURE_AUTORELEASING = YES;
				CLANG_WARN_BOOL_CONVERSION = YES;
				CLANG_WARN_COMMA = YES;
				CLANG_WARN_CONSTANT_CONVERSION = YES;
				CLANG_WARN_DEPRECATED_OBJC_IMPLEMENTATIONS = YES;
				CLANG_WARN_DIRECT_OBJC_ISA_USAGE = YES_ERROR;
				CLANG_WARN_DOCUMENTATION_COMMENTS = YES;
				CLANG_WARN_EMPTY_BODY = YES;
				CLANG_WARN_ENUM_CONVERSION = YES;
				CLANG_WARN_INFINITE_RECURSION = YES;
				CLANG_WARN_INT_CONVERSION = YES;
				CLANG_WARN_NON_LITERAL_NULL_CONVERSION = YES;
				CLANG_WARN_OBJC_IMPLICIT_RETAIN_SELF = YES;
				CLANG_WARN_OBJC_LITERAL_CONVERSION = YES;
				CLANG_WARN_OBJC_ROOT_CLASS = YES_ERROR;
				CLANG_WARN_RANGE_LOOP_ANALYSIS = YES;
				CLANG_WARN_STRICT_PROTOTYPES = YES;
				CLANG_WARN_SUSPICIOUS_MOVE = YES;
				CLANG_WARN_UNGUARDED_AVAILABILITY = YES_AGGRESSIVE;
				CLANG_WARN_UNREACHABLE_CODE = YES;
				CLANG_WARN__DUPLICATE_METHOD_MATCH = YES;
				CODE_SIGN_IDENTITY = "iPhone Developer";
				COPY_PHASE_STRIP = NO;
				DEBUG_INFORMATION_FORMAT = "dwarf-with-dsym";
				ENABLE_NS_ASSERTIONS = NO;
				ENABLE_STRICT_OBJC_MSGSEND = YES;
				GCC_C_LANGUAGE_STANDARD = gnu11;
				GCC_NO_COMMON_BLOCKS = YES;
				GCC_WARN_64_TO_32_BIT_CONVERSION = YES;
				GCC_WARN_ABOUT_RETURN_TYPE = YES_ERROR;
				GCC_WARN_UNDECLARED_SELECTOR = YES;
				GCC_WARN_UNINITIALIZED_AUTOS = YES_AGGRESSIVE;
				GCC_WARN_UNUSED_FUNCTION = YES;
				GCC_WARN_UNUSED_VARIABLE = YES;
				IPHONEOS_DEPLOYMENT_TARGET = 12.2;
				MTL_ENABLE_DEBUG_INFO = NO;
				MTL_FAST_MATH = YES;
				SDKROOT = iphoneos;
				SWIFT_COMPILATION_MODE = wholemodule;
				SWIFT_OPTIMIZATION_LEVEL = "-O";
				VALIDATE_PRODUCT = YES;
			};
			name = Release;
		};
		559D133022D98E4B00C96FC8 /* Debug */ = {
			isa = XCBuildConfiguration;
			buildSettings = {
				ASSETCATALOG_COMPILER_APPICON_NAME = AppIcon;
				CODE_SIGN_STYLE = Automatic;
				DEVELOPMENT_TEAM = FRHHJ2P5W9;
				INFOPLIST_FILE = MovieDemo/Info.plist;
				IPHONEOS_DEPLOYMENT_TARGET = 13.7;
				LD_RUNPATH_SEARCH_PATHS = (
					"$(inherited)",
					"@executable_path/Frameworks",
				);
				PRODUCT_BUNDLE_IDENTIFIER = oscarvernis.MovieDemo;
				PRODUCT_NAME = "$(TARGET_NAME)";
				SWIFT_VERSION = 5.0;
				TARGETED_DEVICE_FAMILY = "1,2";
			};
			name = Debug;
		};
		559D133122D98E4B00C96FC8 /* Release */ = {
			isa = XCBuildConfiguration;
			buildSettings = {
				ASSETCATALOG_COMPILER_APPICON_NAME = AppIcon;
				CODE_SIGN_STYLE = Automatic;
				DEVELOPMENT_TEAM = FRHHJ2P5W9;
				INFOPLIST_FILE = MovieDemo/Info.plist;
				IPHONEOS_DEPLOYMENT_TARGET = 13.7;
				LD_RUNPATH_SEARCH_PATHS = (
					"$(inherited)",
					"@executable_path/Frameworks",
				);
				PRODUCT_BUNDLE_IDENTIFIER = oscarvernis.MovieDemo;
				PRODUCT_NAME = "$(TARGET_NAME)";
				SWIFT_VERSION = 5.0;
				TARGETED_DEVICE_FAMILY = "1,2";
			};
			name = Release;
		};
/* End XCBuildConfiguration section */

/* Begin XCConfigurationList section */
		559D131822D98E4800C96FC8 /* Build configuration list for PBXProject "MovieDemo" */ = {
			isa = XCConfigurationList;
			buildConfigurations = (
				559D132D22D98E4B00C96FC8 /* Debug */,
				559D132E22D98E4B00C96FC8 /* Release */,
			);
			defaultConfigurationIsVisible = 0;
			defaultConfigurationName = Release;
		};
		559D132F22D98E4B00C96FC8 /* Build configuration list for PBXNativeTarget "MovieDemo" */ = {
			isa = XCConfigurationList;
			buildConfigurations = (
				559D133022D98E4B00C96FC8 /* Debug */,
				559D133122D98E4B00C96FC8 /* Release */,
			);
			defaultConfigurationIsVisible = 0;
			defaultConfigurationName = Release;
		};
/* End XCConfigurationList section */

/* Begin XCRemoteSwiftPackageReference section */
		558A5A8E251054C700E5FB40 /* XCRemoteSwiftPackageReference "ObjectMapper" */ = {
			isa = XCRemoteSwiftPackageReference;
			repositoryURL = "https://github.com/tristanhimmelman/ObjectMapper";
			requirement = {
				kind = upToNextMajorVersion;
				minimumVersion = 4.2.0;
			};
		};
		558A5A91251054F600E5FB40 /* XCRemoteSwiftPackageReference "Alamofire" */ = {
			isa = XCRemoteSwiftPackageReference;
			repositoryURL = "https://github.com/Alamofire/Alamofire";
			requirement = {
				kind = upToNextMajorVersion;
				minimumVersion = 5.2.2;
			};
		};
		558A5A942510550D00E5FB40 /* XCRemoteSwiftPackageReference "AlamofireImage" */ = {
			isa = XCRemoteSwiftPackageReference;
			repositoryURL = "https://github.com/Alamofire/AlamofireImage";
			requirement = {
				kind = upToNextMajorVersion;
				minimumVersion = 4.1.0;
			};
		};
/* End XCRemoteSwiftPackageReference section */

/* Begin XCSwiftPackageProductDependency section */
		558A5A8F251054C700E5FB40 /* ObjectMapper */ = {
			isa = XCSwiftPackageProductDependency;
			package = 558A5A8E251054C700E5FB40 /* XCRemoteSwiftPackageReference "ObjectMapper" */;
			productName = ObjectMapper;
		};
		558A5A92251054F600E5FB40 /* Alamofire */ = {
			isa = XCSwiftPackageProductDependency;
			package = 558A5A91251054F600E5FB40 /* XCRemoteSwiftPackageReference "Alamofire" */;
			productName = Alamofire;
		};
		558A5A952510550D00E5FB40 /* AlamofireImage */ = {
			isa = XCSwiftPackageProductDependency;
			package = 558A5A942510550D00E5FB40 /* XCRemoteSwiftPackageReference "AlamofireImage" */;
			productName = AlamofireImage;
		};
/* End XCSwiftPackageProductDependency section */
	};
	rootObject = 559D131522D98E4800C96FC8 /* Project object */;
}
