{
  "pins" : [
    {
      "identity" : "keychainaccess",
      "kind" : "remoteSourceControl",
      "location" : "https://github.com/kishikawakatsumi/KeychainAccess",
      "state" : {
        "revision" : "84e546727d66f1adc5439debad16270d0fdd04e7",
        "version" : "4.2.2"
      }
    },
    {
      "identity" : "loaf",
      "kind" : "remoteSourceControl",
      "location" : "https://github.com/schmidyy/Loaf",
      "state" : {
        "revision" : "5f78a659666fd1025579ded60960452a4c60eda6",
        "version" : "0.7.0"
      }
    },
    {
      "identity" : "mocker",
      "kind" : "remoteSourceControl",
      "location" : "https://github.com/WeTransfer/Mocker",
      "state" : {
        "revision" : "077c52a31f5ebb649ebe546cc77d8647760b2279",
        "version" : "2.5.5"
      }
    },
    {
      "identity" : "sdwebimage",
      "kind" : "remoteSourceControl",
      "location" : "https://github.com/SDWebImage/SDWebImage",
      "state" : {
        "revision" : "2e63d0061da449ad0ed130768d05dceb1496de44",
        "version" : "5.12.5"
      }
    },
    {
      "identity" : "spstorkcontroller",
      "kind" : "remoteSourceControl",
      "location" : "https://github.com/ivanvorobei/SPStorkController",
      "state" : {
        "revision" : "9eea2c3259420c278fcd2dbbab242ef5fcf54dc9",
        "version" : "1.8.5"
      }
    }
  ],
  "version" : 2
}
