{
  "pins" : [
    {
      "identity" : "alamofire",
      "kind" : "remoteSourceControl",
      "location" : "https://github.com/Alamofire/Alamofire",
      "state" : {
        "revision" : "d120af1e8638c7da36c8481fd61a66c0c08dc4fc",
        "version" : "5.4.4"
      }
    },
    {
      "identity" : "alamofireimage",
      "kind" : "remoteSourceControl",
      "location" : "https://github.com/Alamofire/AlamofireImage",
      "state" : {
        "revision" : "98cbb00ce0ec5fc8e52a5b50a6bfc08d3e5aee10",
        "version" : "4.2.0"
      }
    },
    {
      "identity" : "keychainaccess",
      "kind" : "remoteSourceControl",
      "location" : "https://github.com/kishikawakatsumi/KeychainAccess",
      "state" : {
        "revision" : "84e546727d66f1adc5439debad16270d0fdd04e7",
        "version" : "4.2.2"
      }
    },
    {
      "identity" : "loaf",
      "kind" : "remoteSourceControl",
      "location" : "https://github.com/schmidyy/Loaf",
      "state" : {
        "revision" : "5f78a659666fd1025579ded60960452a4c60eda6",
        "version" : "0.7.0"
      }
    },
    {
      "identity" : "mocker",
      "kind" : "remoteSourceControl",
      "location" : "https://github.com/WeTransfer/Mocker",
      "state" : {
        "revision" : "077c52a31f5ebb649ebe546cc77d8647760b2279",
        "version" : "2.5.5"
      }
    },
    {
      "identity" : "spstorkcontroller",
      "kind" : "remoteSourceControl",
      "location" : "https://github.com/ivanvorobei/SPStorkController",
      "state" : {
        "revision" : "9eea2c3259420c278fcd2dbbab242ef5fcf54dc9",
        "version" : "1.8.5"
      }
    }
  ],
  "version" : 2
}
