{
  "pins" : [
    {
      "identity" : "keychainaccess",
      "kind" : "remoteSourceControl",
      "location" : "https://github.com/kishikawakatsumi/KeychainAccess",
      "state" : {
        "revision" : "84e546727d66f1adc5439debad16270d0fdd04e7",
        "version" : "4.2.2"
      }
    },
    {
      "identity" : "loaf",
      "kind" : "remoteSourceControl",
      "location" : "https://github.com/schmidyy/Loaf",
      "state" : {
        "revision" : "5f78a659666fd1025579ded60960452a4c60eda6",
        "version" : "0.7.0"
      }
    },
    {
      "identity" : "sdwebimage",
      "kind" : "remoteSourceControl",
      "location" : "https://github.com/SDWebImage/SDWebImage",
      "state" : {
        "revision" : "633996a807442ec28df9d33b0f88ce57a0e2fdbf",
        "version" : "5.17.0"
      }
    },
    {
      "identity" : "sdwebimageswiftui",
      "kind" : "remoteSourceControl",
      "location" : "https://github.com/SDWebImage/SDWebImageSwiftUI",
      "state" : {
        "revision" : "e837c37d45449fbd3b4745c10c5b5274e73edead",
        "version" : "2.2.3"
      }
    },
    {
      "identity" : "spstorkcontroller",
      "kind" : "remoteSourceControl",
      "location" : "https://github.com/ivanvorobei/SPStorkController",
      "state" : {
        "revision" : "9eea2c3259420c278fcd2dbbab242ef5fcf54dc9",
        "version" : "1.8.5"
      }
    }
  ],
  "version" : 2
}
