// !$*UTF8*$!
{
	archiveVersion = 1;
	classes = {
	};
	objectVersion = 52;
	objects = {

/* Begin PBXBuildFile section */
		5502F501251C2D38003EEC0A /* CustomButton.swift in Sources */ = {isa = PBXBuildFile; fileRef = 5502F500251C2D38003EEC0A /* CustomButton.swift */; };
		5506BAB02512E2B10052B0F2 /* MoviesCompositionalLayoutBuilder.swift in Sources */ = {isa = PBXBuildFile; fileRef = 5506BAAC2512E2B10052B0F2 /* MoviesCompositionalLayoutBuilder.swift */; };
		5506BAB52512E64A0052B0F2 /* MovieDetailHeaderView.xib in Resources */ = {isa = PBXBuildFile; fileRef = 5506BAB42512E64A0052B0F2 /* MovieDetailHeaderView.xib */; };
		5506BAB82512EC9F0052B0F2 /* CreditCell.swift in Sources */ = {isa = PBXBuildFile; fileRef = 5506BAB72512EC9F0052B0F2 /* CreditCell.swift */; };
		5506BABB2512ECB00052B0F2 /* CreditCell.xib in Resources */ = {isa = PBXBuildFile; fileRef = 5506BABA2512ECB00052B0F2 /* CreditCell.xib */; };
		55135E722512C866004C4361 /* MovieDetailHeaderView.swift in Sources */ = {isa = PBXBuildFile; fileRef = 55135E712512C866004C4361 /* MovieDetailHeaderView.swift */; };
		55164AFB25154A6500D219BC /* MoviePosterInfoCell.swift in Sources */ = {isa = PBXBuildFile; fileRef = 55164AF925154A6400D219BC /* MoviePosterInfoCell.swift */; };
		55164AFC25154A6500D219BC /* MoviePosterInfoCell.xib in Resources */ = {isa = PBXBuildFile; fileRef = 55164AFA25154A6500D219BC /* MoviePosterInfoCell.xib */; };
		55164B0625154E5B00D219BC /* MoviePosterTitleRatingCellConfigurator.swift in Sources */ = {isa = PBXBuildFile; fileRef = 55164B0525154E5B00D219BC /* MoviePosterTitleRatingCellConfigurator.swift */; };
		55164B0A251555EF00D219BC /* MoviePosterTitleDateCellConfigurator.swift in Sources */ = {isa = PBXBuildFile; fileRef = 55164B09251555EF00D219BC /* MoviePosterTitleDateCellConfigurator.swift */; };
		551A290D251F16F7003746EE /* Localizable.strings in Resources */ = {isa = PBXBuildFile; fileRef = 551A290F251F16F7003746EE /* Localizable.strings */; };
		551A2922251F189B003746EE /* LoginViewController.storyboard in Resources */ = {isa = PBXBuildFile; fileRef = 551A2924251F189B003746EE /* LoginViewController.storyboard */; };
		551A2929251F18E9003746EE /* SectionTitleView.xib in Resources */ = {isa = PBXBuildFile; fileRef = 551A292B251F18E9003746EE /* SectionTitleView.xib */; };
		551A2930251F194F003746EE /* UserProfileHeaderView.xib in Resources */ = {isa = PBXBuildFile; fileRef = 551A2932251F194F003746EE /* UserProfileHeaderView.xib */; };
		551A2936251F1B3C003746EE /* UserActionsCell.xib in Resources */ = {isa = PBXBuildFile; fileRef = 551A2938251F1B3C003746EE /* UserActionsCell.xib */; };
		551A293D251F1BC4003746EE /* TrailerCell.xib in Resources */ = {isa = PBXBuildFile; fileRef = 551A293F251F1BC4003746EE /* TrailerCell.xib */; };
		551E79272513CBD700EE2FCA /* InfoListCell.swift in Sources */ = {isa = PBXBuildFile; fileRef = 551E79252513CBD700EE2FCA /* InfoListCell.swift */; };
		551E79282513CBD700EE2FCA /* InfoListCell.xib in Resources */ = {isa = PBXBuildFile; fileRef = 551E79262513CBD700EE2FCA /* InfoListCell.xib */; };
		55219B22251413B100D49F4F /* CrewCreditPhotoListCellConfigurator.swift in Sources */ = {isa = PBXBuildFile; fileRef = 55219B21251413B100D49F4F /* CrewCreditPhotoListCellConfigurator.swift */; };
		55219B272514187900D49F4F /* CastCreditPhotoListCellConfigurator.swift in Sources */ = {isa = PBXBuildFile; fileRef = 55219B262514187900D49F4F /* CastCreditPhotoListCellConfigurator.swift */; };
		552E70572515464C009CC4CD /* MovieGenreDictionaryTransformer.swift in Sources */ = {isa = PBXBuildFile; fileRef = 552E70562515464C009CC4CD /* MovieGenreDictionaryTransformer.swift */; };
		5532CF872524FC0600663844 /* MovieDetailTrailerSection.swift in Sources */ = {isa = PBXBuildFile; fileRef = 5532CF862524FC0600663844 /* MovieDetailTrailerSection.swift */; };
		5532CF8A2524FE0900663844 /* MovieDetailCastSection.swift in Sources */ = {isa = PBXBuildFile; fileRef = 5532CF892524FE0900663844 /* MovieDetailCastSection.swift */; };
		5532CF8E2525013700663844 /* MovieDetailCrewSection.swift in Sources */ = {isa = PBXBuildFile; fileRef = 5532CF8D2525013700663844 /* MovieDetailCrewSection.swift */; };
		5532CF912525029400663844 /* MovieDetailVideoSection.swift in Sources */ = {isa = PBXBuildFile; fileRef = 5532CF902525029400663844 /* MovieDetailVideoSection.swift */; };
		5532CF94252503FE00663844 /* MovieDetailRecommendedSection.swift in Sources */ = {isa = PBXBuildFile; fileRef = 5532CF93252503FE00663844 /* MovieDetailRecommendedSection.swift */; };
		5532CF972525059200663844 /* MovieDetailInfoSection.swift in Sources */ = {isa = PBXBuildFile; fileRef = 5532CF962525059200663844 /* MovieDetailInfoSection.swift */; };
		5535CE6B251406E700260617 /* CellConfigurator.swift in Sources */ = {isa = PBXBuildFile; fileRef = 5535CE6A251406E700260617 /* CellConfigurator.swift */; };
		553660FB22DAFC0B00BE03BB /* CastCredit.swift in Sources */ = {isa = PBXBuildFile; fileRef = 553660F922DAFC0B00BE03BB /* CastCredit.swift */; };
		5536610722DB037500BE03BB /* CrewCredit.swift in Sources */ = {isa = PBXBuildFile; fileRef = 5536610522DB037500BE03BB /* CrewCredit.swift */; };
		5545203822D99CB0004B7924 /* Movie.swift in Sources */ = {isa = PBXBuildFile; fileRef = 5545203622D99CB0004B7924 /* Movie.swift */; };
		5545203B22D99D8F004B7924 /* MovieDBService.swift in Sources */ = {isa = PBXBuildFile; fileRef = 5545203A22D99D8F004B7924 /* MovieDBService.swift */; };
		554DE177251EF83C000286D2 /* OverviewCell.swift in Sources */ = {isa = PBXBuildFile; fileRef = 554DE175251EF83C000286D2 /* OverviewCell.swift */; };
		554DE178251EF83C000286D2 /* OverviewCell.xib in Resources */ = {isa = PBXBuildFile; fileRef = 554DE176251EF83C000286D2 /* OverviewCell.xib */; };
		554DE17C251EFC07000286D2 /* UserActionsCell.swift in Sources */ = {isa = PBXBuildFile; fileRef = 554DE17A251EFC07000286D2 /* UserActionsCell.swift */; };
		5550409C251E70A400D919FF /* UserProfileViewController.swift in Sources */ = {isa = PBXBuildFile; fileRef = 5550409B251E70A400D919FF /* UserProfileViewController.swift */; };
		55518D442511292E00DAEB7F /* SectionTitleView.swift in Sources */ = {isa = PBXBuildFile; fileRef = 55518D422511292E00DAEB7F /* SectionTitleView.swift */; };
		55596E00251305BC00A2B821 /* MovieDetailTitleSectionConfigurator.swift in Sources */ = {isa = PBXBuildFile; fileRef = 55596DFF251305BC00A2B821 /* MovieDetailTitleSectionConfigurator.swift */; };
		55596E062513076E00A2B821 /* HomeTitleSectionConfigurator.swift in Sources */ = {isa = PBXBuildFile; fileRef = 55596E052513076E00A2B821 /* HomeTitleSectionConfigurator.swift */; };
		55596E10251317AC00A2B821 /* UIView+Nib.swift in Sources */ = {isa = PBXBuildFile; fileRef = 55596E0F251317AC00A2B821 /* UIView+Nib.swift */; };
		555A14492523D97B0024AFAA /* GenericCollection.swift in Sources */ = {isa = PBXBuildFile; fileRef = 555A14432523D97B0024AFAA /* GenericCollection.swift */; };
		555A144A2523D97B0024AFAA /* HomeMovieListSection.swift in Sources */ = {isa = PBXBuildFile; fileRef = 555A14442523D97B0024AFAA /* HomeMovieListSection.swift */; };
		555A144B2523D97B0024AFAA /* HomeCollectionViewController.swift in Sources */ = {isa = PBXBuildFile; fileRef = 555A14452523D97B0024AFAA /* HomeCollectionViewController.swift */; };
		555A144C2523D97B0024AFAA /* GenericCollectionDataSource.swift in Sources */ = {isa = PBXBuildFile; fileRef = 555A14462523D97B0024AFAA /* GenericCollectionDataSource.swift */; };
		555A144D2523D97B0024AFAA /* ConfigurableSection.swift in Sources */ = {isa = PBXBuildFile; fileRef = 555A14472523D97B0024AFAA /* ConfigurableSection.swift */; };
		5560466C251BB4000037D08B /* MovieRatingViewController.swift in Sources */ = {isa = PBXBuildFile; fileRef = 5560466B251BB4000037D08B /* MovieRatingViewController.swift */; };
		55604678251BC01A0037D08B /* Lightbox in Frameworks */ = {isa = PBXBuildFile; productRef = 55604677251BC01A0037D08B /* Lightbox */; };
		5560467C251BC4ED0037D08B /* ActivityIndicator.swift in Sources */ = {isa = PBXBuildFile; fileRef = 5560467B251BC4ED0037D08B /* ActivityIndicator.swift */; };
		55604684251BCC320037D08B /* SPStorkController in Frameworks */ = {isa = PBXBuildFile; productRef = 55604683251BCC320037D08B /* SPStorkController */; };
		55677462251735E90066B6E4 /* UICollectionViewCell+Register.swift in Sources */ = {isa = PBXBuildFile; fileRef = 55677461251735E90066B6E4 /* UICollectionViewCell+Register.swift */; };
		556774652517385F0066B6E4 /* UICollectionReusableView+Register.swift in Sources */ = {isa = PBXBuildFile; fileRef = 556774642517385F0066B6E4 /* UICollectionReusableView+Register.swift */; };
		556AB1942514680A0023D278 /* DotRatingsView.swift in Sources */ = {isa = PBXBuildFile; fileRef = 556AB1932514680A0023D278 /* DotRatingsView.swift */; };
		556B78632524F23600F212D1 /* MovieDetailHeaderSection.swift in Sources */ = {isa = PBXBuildFile; fileRef = 556B78622524F23600F212D1 /* MovieDetailHeaderSection.swift */; };
		556B78672524F6DD00F212D1 /* LoadingSection.swift in Sources */ = {isa = PBXBuildFile; fileRef = 556B78662524F6DD00F212D1 /* LoadingSection.swift */; };
		556B786B2524F76800F212D1 /* MovieDetailOverviewSection.swift in Sources */ = {isa = PBXBuildFile; fileRef = 556B786A2524F76800F212D1 /* MovieDetailOverviewSection.swift */; };
		5570356E251ED37A0083089C /* MovieVideo.swift in Sources */ = {isa = PBXBuildFile; fileRef = 5570356D251ED37A0083089C /* MovieVideo.swift */; };
		5570358C251EE7C80083089C /* TrailerCell.swift in Sources */ = {isa = PBXBuildFile; fileRef = 5570358A251EE7C80083089C /* TrailerCell.swift */; };
		55741CE2251CFCAC00A6281B /* Double+Math.swift in Sources */ = {isa = PBXBuildFile; fileRef = 55741CE1251CFCAC00A6281B /* Double+Math.swift */; };
		55741D07251D7B9300A6281B /* ProgressLayer.swift in Sources */ = {isa = PBXBuildFile; fileRef = 55741D06251D7B9300A6281B /* ProgressLayer.swift */; };
		557BDC8625191636006025D0 /* CastCreditCellConfigurator.swift in Sources */ = {isa = PBXBuildFile; fileRef = 557BDC8525191636006025D0 /* CastCreditCellConfigurator.swift */; };
		557FFA8B251A625900D79F68 /* SessionManager.swift in Sources */ = {isa = PBXBuildFile; fileRef = 557FFA8A251A625900D79F68 /* SessionManager.swift */; };
		557FFA8F251A65B700D79F68 /* KeychainAccess in Frameworks */ = {isa = PBXBuildFile; productRef = 557FFA8E251A65B700D79F68 /* KeychainAccess */; };
		557FFA97251A6D7100D79F68 /* LoginViewController.swift in Sources */ = {isa = PBXBuildFile; fileRef = 557FFA96251A6D7100D79F68 /* LoginViewController.swift */; };
		5587114A25108079005A0975 /* MovieInfoListCell.swift in Sources */ = {isa = PBXBuildFile; fileRef = 5587114825108079005A0975 /* MovieInfoListCell.swift */; };
		5587114B25108079005A0975 /* MovieInfoListCell.xib in Resources */ = {isa = PBXBuildFile; fileRef = 5587114925108079005A0975 /* MovieInfoListCell.xib */; };
		55893B6E2513F56D00233677 /* ArrayDataProvider.swift in Sources */ = {isa = PBXBuildFile; fileRef = 55893B6D2513F56D00233677 /* ArrayDataProvider.swift */; };
		55893B7B2513FEEE00233677 /* StaticArrayDataProvider.swift in Sources */ = {isa = PBXBuildFile; fileRef = 55893B7A2513FEEE00233677 /* StaticArrayDataProvider.swift */; };
		558A5A8C251053C600E5FB40 /* MovieBannerCell.swift in Sources */ = {isa = PBXBuildFile; fileRef = 558A5A8A251053C600E5FB40 /* MovieBannerCell.swift */; };
		558A5A8D251053C600E5FB40 /* MovieBannerCell.xib in Resources */ = {isa = PBXBuildFile; fileRef = 558A5A8B251053C600E5FB40 /* MovieBannerCell.xib */; };
		558A5A90251054C700E5FB40 /* ObjectMapper in Frameworks */ = {isa = PBXBuildFile; productRef = 558A5A8F251054C700E5FB40 /* ObjectMapper */; };
		558A5A93251054F600E5FB40 /* Alamofire in Frameworks */ = {isa = PBXBuildFile; productRef = 558A5A92251054F600E5FB40 /* Alamofire */; };
		558A5A9825106C1400E5FB40 /* SectionBackgroundDecorationView.swift in Sources */ = {isa = PBXBuildFile; fileRef = 558A5A9725106C1400E5FB40 /* SectionBackgroundDecorationView.swift */; };
		558A5A9B25106F8900E5FB40 /* MovieRatingListCell.swift in Sources */ = {isa = PBXBuildFile; fileRef = 558A5A9925106F8900E5FB40 /* MovieRatingListCell.swift */; };
		558A5A9C25106F8900E5FB40 /* MovieRatingListCell.xib in Resources */ = {isa = PBXBuildFile; fileRef = 558A5A9A25106F8900E5FB40 /* MovieRatingListCell.xib */; };
		558A63AF2512AD5E0064438D /* MovieViewModel.swift in Sources */ = {isa = PBXBuildFile; fileRef = 558A63AE2512AD5D0064438D /* MovieViewModel.swift */; };
		55915773251438390085DB69 /* BlurBackgroundView.swift in Sources */ = {isa = PBXBuildFile; fileRef = 55915772251438390085DB69 /* BlurBackgroundView.swift */; };
		55915776251438450085DB69 /* BlurBackgroundView.xib in Resources */ = {isa = PBXBuildFile; fileRef = 55915775251438450085DB69 /* BlurBackgroundView.xib */; };
		5599B2A3252429C60075473C /* UserProfileHeaderSection.swift in Sources */ = {isa = PBXBuildFile; fileRef = 5599B2A2252429C60075473C /* UserProfileHeaderSection.swift */; };
		5599B2A625242E5B0075473C /* UserProfileMovieListSection.swift in Sources */ = {isa = PBXBuildFile; fileRef = 5599B2A525242E5B0075473C /* UserProfileMovieListSection.swift */; };
		559D132122D98E4800C96FC8 /* AppDelegate.swift in Sources */ = {isa = PBXBuildFile; fileRef = 559D132022D98E4800C96FC8 /* AppDelegate.swift */; };
		559D132822D98E4B00C96FC8 /* Assets.xcassets in Resources */ = {isa = PBXBuildFile; fileRef = 559D132722D98E4B00C96FC8 /* Assets.xcassets */; };
		559D132B22D98E4B00C96FC8 /* LaunchScreen.storyboard in Resources */ = {isa = PBXBuildFile; fileRef = 559D132922D98E4B00C96FC8 /* LaunchScreen.storyboard */; };
		55A6A98F2511A6C400305C29 /* MovieGenre.swift in Sources */ = {isa = PBXBuildFile; fileRef = 55A6A98E2511A6C400305C29 /* MovieGenre.swift */; };
		55A6A9922511A72800305C29 /* MovieGenreTransformer.swift in Sources */ = {isa = PBXBuildFile; fileRef = 55A6A9912511A72800305C29 /* MovieGenreTransformer.swift */; };
		55A73A04251AAE410024C907 /* AlamofireImage in Frameworks */ = {isa = PBXBuildFile; productRef = 55A73A03251AAE410024C907 /* AlamofireImage */; };
		55AA47122506B1B900E25C59 /* MovieListDataProvider.swift in Sources */ = {isa = PBXBuildFile; fileRef = 55AA47112506B1B900E25C59 /* MovieListDataProvider.swift */; };
		55AA7D9A251BED8100C9E39A /* MovieUserRatedTransform.swift in Sources */ = {isa = PBXBuildFile; fileRef = 55AA7D99251BED8100C9E39A /* MovieUserRatedTransform.swift */; };
		55B5D7512515D8B700E1076D /* RatingsView.swift in Sources */ = {isa = PBXBuildFile; fileRef = 55B5D7502515D8B700E1076D /* RatingsView.swift */; };
		55BB863E251FA1CB00F17D7F /* MovieRatingViewController.storyboard in Resources */ = {isa = PBXBuildFile; fileRef = 55BB8640251FA1CB00F17D7F /* MovieRatingViewController.storyboard */; };
		55C4F40725180E9F002B73A9 /* CrewCreditViewModel.swift in Sources */ = {isa = PBXBuildFile; fileRef = 55C4F40625180E9F002B73A9 /* CrewCreditViewModel.swift */; };
		55C4F40A251814AF002B73A9 /* CastCreditViewModel.swift in Sources */ = {isa = PBXBuildFile; fileRef = 55C4F409251814AF002B73A9 /* CastCreditViewModel.swift */; };
		55CB9F6C251917A300E13891 /* MovieBannerCellConfigurator.swift in Sources */ = {isa = PBXBuildFile; fileRef = 55CB9F6B251917A300E13891 /* MovieBannerCellConfigurator.swift */; };
		55CB9F6F251918EE00E13891 /* MovieRatingListCellConfigurator.swift in Sources */ = {isa = PBXBuildFile; fileRef = 55CB9F6E251918EE00E13891 /* MovieRatingListCellConfigurator.swift */; };
		55D05CBF251AE48100FD5F8C /* User.swift in Sources */ = {isa = PBXBuildFile; fileRef = 55D05CBE251AE48100FD5F8C /* User.swift */; };
		55D05CC2251AED9300FD5F8C /* UserViewModel.swift in Sources */ = {isa = PBXBuildFile; fileRef = 55D05CC1251AED9300FD5F8C /* UserViewModel.swift */; };
		55D35E1C2517DE0D00114602 /* Loaf in Frameworks */ = {isa = PBXBuildFile; productRef = 55D35E1B2517DE0D00114602 /* Loaf */; };
		55D35E1F2517DE1D00114602 /* AlertManager.swift in Sources */ = {isa = PBXBuildFile; fileRef = 55D35E1E2517DE1D00114602 /* AlertManager.swift */; };
		55DD1B8E251FB1B000EC8C55 /* MovieVideoViewModel.swift in Sources */ = {isa = PBXBuildFile; fileRef = 55DD1B8D251FB1B000EC8C55 /* MovieVideoViewModel.swift */; };
		55DD1B92251FB59500EC8C55 /* YoutubeVideoCell.swift in Sources */ = {isa = PBXBuildFile; fileRef = 55DD1B90251FB59500EC8C55 /* YoutubeVideoCell.swift */; };
		55DD1B93251FB59500EC8C55 /* YoutubeVideoCell.xib in Resources */ = {isa = PBXBuildFile; fileRef = 55DD1B91251FB59500EC8C55 /* YoutubeVideoCell.xib */; };
		55DD1B97251FC5FB00EC8C55 /* CountryArrayTransformer.swift in Sources */ = {isa = PBXBuildFile; fileRef = 55DD1B96251FC5FB00EC8C55 /* CountryArrayTransformer.swift */; };
		55E3E5082516EA6300D6FAA9 /* CrewCreditInfoListCellConfigurator.swift in Sources */ = {isa = PBXBuildFile; fileRef = 55E3E5072516EA6300D6FAA9 /* CrewCreditInfoListCellConfigurator.swift */; };
		55E3E50B2516ED1500D6FAA9 /* MovieDetailsInfoCellConfigurator.swift in Sources */ = {isa = PBXBuildFile; fileRef = 55E3E50A2516ED1500D6FAA9 /* MovieDetailsInfoCellConfigurator.swift */; };
		55EDD34F2513E161004F8117 /* ListViewController.swift in Sources */ = {isa = PBXBuildFile; fileRef = 55EDD34E2513E161004F8117 /* ListViewController.swift */; };
		55EDD3532513E346004F8117 /* LoadingCell.swift in Sources */ = {isa = PBXBuildFile; fileRef = 55EDD3512513E346004F8117 /* LoadingCell.swift */; };
		55EDD3542513E346004F8117 /* LoadingCell.xib in Resources */ = {isa = PBXBuildFile; fileRef = 55EDD3522513E346004F8117 /* LoadingCell.xib */; };
		55EDD3572513F0C0004F8117 /* ListViewDataSource.swift in Sources */ = {isa = PBXBuildFile; fileRef = 55EDD3562513F0C0004F8117 /* ListViewDataSource.swift */; };
		55EDD3602513F2E0004F8117 /* MovieInfoCellConfigurator.swift in Sources */ = {isa = PBXBuildFile; fileRef = 55EDD35F2513F2E0004F8117 /* MovieInfoCellConfigurator.swift */; };
		55EE519D251E8CF800915AB3 /* UserProfileHeaderView.swift in Sources */ = {isa = PBXBuildFile; fileRef = 55EE519B251E8CF800915AB3 /* UserProfileHeaderView.swift */; };
		55EE51A2251E99B100915AB3 /* EmptyMovieCell.swift in Sources */ = {isa = PBXBuildFile; fileRef = 55EE51A0251E99B100915AB3 /* EmptyMovieCell.swift */; };
		55EE51A3251E99B100915AB3 /* EmptyMovieCell.xib in Resources */ = {isa = PBXBuildFile; fileRef = 55EE51A1251E99B100915AB3 /* EmptyMovieCell.xib */; };
		55EE51A7251EC5DE00915AB3 /* UIColor+AppColors.swift in Sources */ = {isa = PBXBuildFile; fileRef = 55EE51A6251EC5DE00915AB3 /* UIColor+AppColors.swift */; };
		55EE51AB251ECF5800915AB3 /* RoundImageView.swift in Sources */ = {isa = PBXBuildFile; fileRef = 55EE51AA251ECF5800915AB3 /* RoundImageView.swift */; };
		55EECCDF251190990041EAE7 /* UIViewController+Storyboard.swift in Sources */ = {isa = PBXBuildFile; fileRef = 55EECCDE251190990041EAE7 /* UIViewController+Storyboard.swift */; };
		55EECCE525119A1A0041EAE7 /* MainCoordinator.swift in Sources */ = {isa = PBXBuildFile; fileRef = 55EECCE425119A1A0041EAE7 /* MainCoordinator.swift */; };
		55EEF7472512B8AF006C4B11 /* MovieDetailViewController.swift in Sources */ = {isa = PBXBuildFile; fileRef = 55EEF7462512B8AF006C4B11 /* MovieDetailViewController.swift */; };
		55FEF45025141A40009363F8 /* CreditPhotoListCell.swift in Sources */ = {isa = PBXBuildFile; fileRef = 55FEF44E25141A40009363F8 /* CreditPhotoListCell.swift */; };
		55FEF45125141A40009363F8 /* CreditPhotoListCell.xib in Resources */ = {isa = PBXBuildFile; fileRef = 55FEF44F25141A40009363F8 /* CreditPhotoListCell.xib */; };
/* End PBXBuildFile section */

/* Begin PBXFileReference section */
		5502F500251C2D38003EEC0A /* CustomButton.swift */ = {isa = PBXFileReference; lastKnownFileType = sourcecode.swift; path = CustomButton.swift; sourceTree = "<group>"; };
		5506BAAC2512E2B10052B0F2 /* MoviesCompositionalLayoutBuilder.swift */ = {isa = PBXFileReference; fileEncoding = 4; lastKnownFileType = sourcecode.swift; path = MoviesCompositionalLayoutBuilder.swift; sourceTree = "<group>"; };
		5506BAB42512E64A0052B0F2 /* MovieDetailHeaderView.xib */ = {isa = PBXFileReference; lastKnownFileType = file.xib; path = MovieDetailHeaderView.xib; sourceTree = "<group>"; };
		5506BAB72512EC9F0052B0F2 /* CreditCell.swift */ = {isa = PBXFileReference; lastKnownFileType = sourcecode.swift; path = CreditCell.swift; sourceTree = "<group>"; };
		5506BABA2512ECB00052B0F2 /* CreditCell.xib */ = {isa = PBXFileReference; lastKnownFileType = file.xib; path = CreditCell.xib; sourceTree = "<group>"; };
		55135E712512C866004C4361 /* MovieDetailHeaderView.swift */ = {isa = PBXFileReference; lastKnownFileType = sourcecode.swift; path = MovieDetailHeaderView.swift; sourceTree = "<group>"; };
		55164AF925154A6400D219BC /* MoviePosterInfoCell.swift */ = {isa = PBXFileReference; lastKnownFileType = sourcecode.swift; path = MoviePosterInfoCell.swift; sourceTree = "<group>"; };
		55164AFA25154A6500D219BC /* MoviePosterInfoCell.xib */ = {isa = PBXFileReference; lastKnownFileType = file.xib; path = MoviePosterInfoCell.xib; sourceTree = "<group>"; };
		55164AFE25154AD200D219BC /* ExampleImages.xcassets */ = {isa = PBXFileReference; lastKnownFileType = folder.assetcatalog; path = ExampleImages.xcassets; sourceTree = "<group>"; };
		55164B0525154E5B00D219BC /* MoviePosterTitleRatingCellConfigurator.swift */ = {isa = PBXFileReference; lastKnownFileType = sourcecode.swift; path = MoviePosterTitleRatingCellConfigurator.swift; sourceTree = "<group>"; };
		55164B09251555EF00D219BC /* MoviePosterTitleDateCellConfigurator.swift */ = {isa = PBXFileReference; lastKnownFileType = sourcecode.swift; path = MoviePosterTitleDateCellConfigurator.swift; sourceTree = "<group>"; };
		551A290E251F16F7003746EE /* en */ = {isa = PBXFileReference; lastKnownFileType = text.plist.strings; name = en; path = en.lproj/Localizable.strings; sourceTree = "<group>"; };
		551A2911251F1706003746EE /* es-419 */ = {isa = PBXFileReference; lastKnownFileType = text.plist.strings; name = "es-419"; path = "es-419.lproj/LaunchScreen.strings"; sourceTree = "<group>"; };
		551A2912251F1706003746EE /* es-419 */ = {isa = PBXFileReference; lastKnownFileType = text.plist.strings; name = "es-419"; path = "es-419.lproj/Localizable.strings"; sourceTree = "<group>"; };
		551A2923251F189B003746EE /* Base */ = {isa = PBXFileReference; lastKnownFileType = file.storyboard; name = Base; path = Base.lproj/LoginViewController.storyboard; sourceTree = "<group>"; };
		551A2927251F18A4003746EE /* es-419 */ = {isa = PBXFileReference; lastKnownFileType = text.plist.strings; name = "es-419"; path = "es-419.lproj/LoginViewController.strings"; sourceTree = "<group>"; };
		551A292A251F18E9003746EE /* Base */ = {isa = PBXFileReference; lastKnownFileType = file.xib; name = Base; path = Base.lproj/SectionTitleView.xib; sourceTree = "<group>"; };
		551A292E251F18F0003746EE /* es-419 */ = {isa = PBXFileReference; lastKnownFileType = text.plist.strings; name = "es-419"; path = "es-419.lproj/SectionTitleView.strings"; sourceTree = "<group>"; };
		551A2931251F194F003746EE /* Base */ = {isa = PBXFileReference; lastKnownFileType = file.xib; name = Base; path = Base.lproj/UserProfileHeaderView.xib; sourceTree = "<group>"; };
		551A2934251F195C003746EE /* es-419 */ = {isa = PBXFileReference; lastKnownFileType = text.plist.strings; name = "es-419"; path = "es-419.lproj/UserProfileHeaderView.strings"; sourceTree = "<group>"; };
		551A2937251F1B3C003746EE /* Base */ = {isa = PBXFileReference; lastKnownFileType = file.xib; name = Base; path = Base.lproj/UserActionsCell.xib; sourceTree = "<group>"; };
		551A293B251F1B45003746EE /* es-419 */ = {isa = PBXFileReference; lastKnownFileType = text.plist.strings; name = "es-419"; path = "es-419.lproj/UserActionsCell.strings"; sourceTree = "<group>"; };
		551A293E251F1BC4003746EE /* Base */ = {isa = PBXFileReference; lastKnownFileType = file.xib; name = Base; path = Base.lproj/TrailerCell.xib; sourceTree = "<group>"; };
		551A2941251F1BE4003746EE /* es-419 */ = {isa = PBXFileReference; lastKnownFileType = text.plist.strings; name = "es-419"; path = "es-419.lproj/TrailerCell.strings"; sourceTree = "<group>"; };
		551E79252513CBD700EE2FCA /* InfoListCell.swift */ = {isa = PBXFileReference; lastKnownFileType = sourcecode.swift; path = InfoListCell.swift; sourceTree = "<group>"; };
		551E79262513CBD700EE2FCA /* InfoListCell.xib */ = {isa = PBXFileReference; lastKnownFileType = file.xib; path = InfoListCell.xib; sourceTree = "<group>"; };
		55219B21251413B100D49F4F /* CrewCreditPhotoListCellConfigurator.swift */ = {isa = PBXFileReference; lastKnownFileType = sourcecode.swift; path = CrewCreditPhotoListCellConfigurator.swift; sourceTree = "<group>"; };
		55219B262514187900D49F4F /* CastCreditPhotoListCellConfigurator.swift */ = {isa = PBXFileReference; lastKnownFileType = sourcecode.swift; path = CastCreditPhotoListCellConfigurator.swift; sourceTree = "<group>"; };
		552E70562515464C009CC4CD /* MovieGenreDictionaryTransformer.swift */ = {isa = PBXFileReference; lastKnownFileType = sourcecode.swift; path = MovieGenreDictionaryTransformer.swift; sourceTree = "<group>"; };
		5532CF862524FC0600663844 /* MovieDetailTrailerSection.swift */ = {isa = PBXFileReference; lastKnownFileType = sourcecode.swift; path = MovieDetailTrailerSection.swift; sourceTree = "<group>"; };
		5532CF892524FE0900663844 /* MovieDetailCastSection.swift */ = {isa = PBXFileReference; lastKnownFileType = sourcecode.swift; path = MovieDetailCastSection.swift; sourceTree = "<group>"; };
		5532CF8D2525013700663844 /* MovieDetailCrewSection.swift */ = {isa = PBXFileReference; lastKnownFileType = sourcecode.swift; path = MovieDetailCrewSection.swift; sourceTree = "<group>"; };
		5532CF902525029400663844 /* MovieDetailVideoSection.swift */ = {isa = PBXFileReference; lastKnownFileType = sourcecode.swift; path = MovieDetailVideoSection.swift; sourceTree = "<group>"; };
		5532CF93252503FE00663844 /* MovieDetailRecommendedSection.swift */ = {isa = PBXFileReference; lastKnownFileType = sourcecode.swift; path = MovieDetailRecommendedSection.swift; sourceTree = "<group>"; };
		5532CF962525059200663844 /* MovieDetailInfoSection.swift */ = {isa = PBXFileReference; lastKnownFileType = sourcecode.swift; path = MovieDetailInfoSection.swift; sourceTree = "<group>"; };
		5535CE6A251406E700260617 /* CellConfigurator.swift */ = {isa = PBXFileReference; lastKnownFileType = sourcecode.swift; path = CellConfigurator.swift; sourceTree = "<group>"; };
		553660F922DAFC0B00BE03BB /* CastCredit.swift */ = {isa = PBXFileReference; lastKnownFileType = sourcecode.swift; path = CastCredit.swift; sourceTree = "<group>"; };
		5536610522DB037500BE03BB /* CrewCredit.swift */ = {isa = PBXFileReference; lastKnownFileType = sourcecode.swift; path = CrewCredit.swift; sourceTree = "<group>"; };
		5545203622D99CB0004B7924 /* Movie.swift */ = {isa = PBXFileReference; lastKnownFileType = sourcecode.swift; path = Movie.swift; sourceTree = "<group>"; };
		5545203A22D99D8F004B7924 /* MovieDBService.swift */ = {isa = PBXFileReference; lastKnownFileType = sourcecode.swift; path = MovieDBService.swift; sourceTree = "<group>"; };
		554DE175251EF83C000286D2 /* OverviewCell.swift */ = {isa = PBXFileReference; lastKnownFileType = sourcecode.swift; path = OverviewCell.swift; sourceTree = "<group>"; };
		554DE176251EF83C000286D2 /* OverviewCell.xib */ = {isa = PBXFileReference; lastKnownFileType = file.xib; path = OverviewCell.xib; sourceTree = "<group>"; };
		554DE17A251EFC07000286D2 /* UserActionsCell.swift */ = {isa = PBXFileReference; lastKnownFileType = sourcecode.swift; path = UserActionsCell.swift; sourceTree = "<group>"; };
		5550409B251E70A400D919FF /* UserProfileViewController.swift */ = {isa = PBXFileReference; lastKnownFileType = sourcecode.swift; path = UserProfileViewController.swift; sourceTree = "<group>"; };
		55518D422511292E00DAEB7F /* SectionTitleView.swift */ = {isa = PBXFileReference; lastKnownFileType = sourcecode.swift; path = SectionTitleView.swift; sourceTree = "<group>"; };
		55596DFF251305BC00A2B821 /* MovieDetailTitleSectionConfigurator.swift */ = {isa = PBXFileReference; lastKnownFileType = sourcecode.swift; path = MovieDetailTitleSectionConfigurator.swift; sourceTree = "<group>"; };
		55596E052513076E00A2B821 /* HomeTitleSectionConfigurator.swift */ = {isa = PBXFileReference; lastKnownFileType = sourcecode.swift; path = HomeTitleSectionConfigurator.swift; sourceTree = "<group>"; };
		55596E0F251317AC00A2B821 /* UIView+Nib.swift */ = {isa = PBXFileReference; lastKnownFileType = sourcecode.swift; path = "UIView+Nib.swift"; sourceTree = "<group>"; };
		555A14432523D97B0024AFAA /* GenericCollection.swift */ = {isa = PBXFileReference; fileEncoding = 4; lastKnownFileType = sourcecode.swift; path = GenericCollection.swift; sourceTree = "<group>"; };
		555A14442523D97B0024AFAA /* HomeMovieListSection.swift */ = {isa = PBXFileReference; fileEncoding = 4; lastKnownFileType = sourcecode.swift; path = HomeMovieListSection.swift; sourceTree = "<group>"; };
		555A14452523D97B0024AFAA /* HomeCollectionViewController.swift */ = {isa = PBXFileReference; fileEncoding = 4; lastKnownFileType = sourcecode.swift; path = HomeCollectionViewController.swift; sourceTree = "<group>"; };
		555A14462523D97B0024AFAA /* GenericCollectionDataSource.swift */ = {isa = PBXFileReference; fileEncoding = 4; lastKnownFileType = sourcecode.swift; path = GenericCollectionDataSource.swift; sourceTree = "<group>"; };
		555A14472523D97B0024AFAA /* ConfigurableSection.swift */ = {isa = PBXFileReference; fileEncoding = 4; lastKnownFileType = sourcecode.swift; path = ConfigurableSection.swift; sourceTree = "<group>"; };
		5560466B251BB4000037D08B /* MovieRatingViewController.swift */ = {isa = PBXFileReference; lastKnownFileType = sourcecode.swift; path = MovieRatingViewController.swift; sourceTree = "<group>"; };
		5560467B251BC4ED0037D08B /* ActivityIndicator.swift */ = {isa = PBXFileReference; lastKnownFileType = sourcecode.swift; path = ActivityIndicator.swift; sourceTree = "<group>"; };
		55677461251735E90066B6E4 /* UICollectionViewCell+Register.swift */ = {isa = PBXFileReference; lastKnownFileType = sourcecode.swift; path = "UICollectionViewCell+Register.swift"; sourceTree = "<group>"; };
		556774642517385F0066B6E4 /* UICollectionReusableView+Register.swift */ = {isa = PBXFileReference; lastKnownFileType = sourcecode.swift; path = "UICollectionReusableView+Register.swift"; sourceTree = "<group>"; };
		556AB1932514680A0023D278 /* DotRatingsView.swift */ = {isa = PBXFileReference; lastKnownFileType = sourcecode.swift; path = DotRatingsView.swift; sourceTree = "<group>"; };
		556B78622524F23600F212D1 /* MovieDetailHeaderSection.swift */ = {isa = PBXFileReference; lastKnownFileType = sourcecode.swift; path = MovieDetailHeaderSection.swift; sourceTree = "<group>"; };
		556B78662524F6DD00F212D1 /* LoadingSection.swift */ = {isa = PBXFileReference; fileEncoding = 4; lastKnownFileType = sourcecode.swift; name = LoadingSection.swift; path = MovieDemo/Protocols/LoadingSection.swift; sourceTree = SOURCE_ROOT; };
		556B786A2524F76800F212D1 /* MovieDetailOverviewSection.swift */ = {isa = PBXFileReference; lastKnownFileType = sourcecode.swift; path = MovieDetailOverviewSection.swift; sourceTree = "<group>"; };
		5570356D251ED37A0083089C /* MovieVideo.swift */ = {isa = PBXFileReference; lastKnownFileType = sourcecode.swift; path = MovieVideo.swift; sourceTree = "<group>"; };
		5570358A251EE7C80083089C /* TrailerCell.swift */ = {isa = PBXFileReference; lastKnownFileType = sourcecode.swift; path = TrailerCell.swift; sourceTree = "<group>"; };
		55741CE1251CFCAC00A6281B /* Double+Math.swift */ = {isa = PBXFileReference; lastKnownFileType = sourcecode.swift; path = "Double+Math.swift"; sourceTree = "<group>"; };
		55741D06251D7B9300A6281B /* ProgressLayer.swift */ = {isa = PBXFileReference; lastKnownFileType = sourcecode.swift; path = ProgressLayer.swift; sourceTree = "<group>"; };
		557BDC8525191636006025D0 /* CastCreditCellConfigurator.swift */ = {isa = PBXFileReference; lastKnownFileType = sourcecode.swift; path = CastCreditCellConfigurator.swift; sourceTree = "<group>"; };
		557FFA8A251A625900D79F68 /* SessionManager.swift */ = {isa = PBXFileReference; lastKnownFileType = sourcecode.swift; path = SessionManager.swift; sourceTree = "<group>"; };
		557FFA96251A6D7100D79F68 /* LoginViewController.swift */ = {isa = PBXFileReference; lastKnownFileType = sourcecode.swift; path = LoginViewController.swift; sourceTree = "<group>"; };
		5587114825108079005A0975 /* MovieInfoListCell.swift */ = {isa = PBXFileReference; lastKnownFileType = sourcecode.swift; path = MovieInfoListCell.swift; sourceTree = "<group>"; };
		5587114925108079005A0975 /* MovieInfoListCell.xib */ = {isa = PBXFileReference; lastKnownFileType = file.xib; path = MovieInfoListCell.xib; sourceTree = "<group>"; };
		55893B6D2513F56D00233677 /* ArrayDataProvider.swift */ = {isa = PBXFileReference; lastKnownFileType = sourcecode.swift; path = ArrayDataProvider.swift; sourceTree = "<group>"; };
		55893B7A2513FEEE00233677 /* StaticArrayDataProvider.swift */ = {isa = PBXFileReference; lastKnownFileType = sourcecode.swift; path = StaticArrayDataProvider.swift; sourceTree = "<group>"; };
		558A5A8A251053C600E5FB40 /* MovieBannerCell.swift */ = {isa = PBXFileReference; lastKnownFileType = sourcecode.swift; path = MovieBannerCell.swift; sourceTree = "<group>"; };
		558A5A8B251053C600E5FB40 /* MovieBannerCell.xib */ = {isa = PBXFileReference; lastKnownFileType = file.xib; path = MovieBannerCell.xib; sourceTree = "<group>"; };
		558A5A9725106C1400E5FB40 /* SectionBackgroundDecorationView.swift */ = {isa = PBXFileReference; lastKnownFileType = sourcecode.swift; path = SectionBackgroundDecorationView.swift; sourceTree = "<group>"; };
		558A5A9925106F8900E5FB40 /* MovieRatingListCell.swift */ = {isa = PBXFileReference; lastKnownFileType = sourcecode.swift; path = MovieRatingListCell.swift; sourceTree = "<group>"; };
		558A5A9A25106F8900E5FB40 /* MovieRatingListCell.xib */ = {isa = PBXFileReference; lastKnownFileType = file.xib; path = MovieRatingListCell.xib; sourceTree = "<group>"; };
		558A63AE2512AD5D0064438D /* MovieViewModel.swift */ = {isa = PBXFileReference; lastKnownFileType = sourcecode.swift; path = MovieViewModel.swift; sourceTree = "<group>"; };
		55915772251438390085DB69 /* BlurBackgroundView.swift */ = {isa = PBXFileReference; lastKnownFileType = sourcecode.swift; path = BlurBackgroundView.swift; sourceTree = "<group>"; };
		55915775251438450085DB69 /* BlurBackgroundView.xib */ = {isa = PBXFileReference; lastKnownFileType = file.xib; path = BlurBackgroundView.xib; sourceTree = "<group>"; };
		5599B2A2252429C60075473C /* UserProfileHeaderSection.swift */ = {isa = PBXFileReference; lastKnownFileType = sourcecode.swift; path = UserProfileHeaderSection.swift; sourceTree = "<group>"; };
		5599B2A525242E5B0075473C /* UserProfileMovieListSection.swift */ = {isa = PBXFileReference; lastKnownFileType = sourcecode.swift; path = UserProfileMovieListSection.swift; sourceTree = "<group>"; };
		559D131D22D98E4800C96FC8 /* MovieDemo.app */ = {isa = PBXFileReference; explicitFileType = wrapper.application; includeInIndex = 0; path = MovieDemo.app; sourceTree = BUILT_PRODUCTS_DIR; };
		559D132022D98E4800C96FC8 /* AppDelegate.swift */ = {isa = PBXFileReference; lastKnownFileType = sourcecode.swift; path = AppDelegate.swift; sourceTree = "<group>"; };
		559D132722D98E4B00C96FC8 /* Assets.xcassets */ = {isa = PBXFileReference; lastKnownFileType = folder.assetcatalog; path = Assets.xcassets; sourceTree = "<group>"; };
		559D132A22D98E4B00C96FC8 /* Base */ = {isa = PBXFileReference; lastKnownFileType = file.storyboard; name = Base; path = Base.lproj/LaunchScreen.storyboard; sourceTree = "<group>"; };
		559D132C22D98E4B00C96FC8 /* Info.plist */ = {isa = PBXFileReference; lastKnownFileType = text.plist.xml; path = Info.plist; sourceTree = "<group>"; };
		55A6A98E2511A6C400305C29 /* MovieGenre.swift */ = {isa = PBXFileReference; lastKnownFileType = sourcecode.swift; path = MovieGenre.swift; sourceTree = "<group>"; };
		55A6A9912511A72800305C29 /* MovieGenreTransformer.swift */ = {isa = PBXFileReference; lastKnownFileType = sourcecode.swift; path = MovieGenreTransformer.swift; sourceTree = "<group>"; };
		55AA47112506B1B900E25C59 /* MovieListDataProvider.swift */ = {isa = PBXFileReference; lastKnownFileType = sourcecode.swift; path = MovieListDataProvider.swift; sourceTree = "<group>"; };
		55AA7D99251BED8100C9E39A /* MovieUserRatedTransform.swift */ = {isa = PBXFileReference; lastKnownFileType = sourcecode.swift; path = MovieUserRatedTransform.swift; sourceTree = "<group>"; };
		55B5D7502515D8B700E1076D /* RatingsView.swift */ = {isa = PBXFileReference; fileEncoding = 4; lastKnownFileType = sourcecode.swift; path = RatingsView.swift; sourceTree = "<group>"; };
		55BB863F251FA1CB00F17D7F /* Base */ = {isa = PBXFileReference; lastKnownFileType = file.storyboard; name = Base; path = Base.lproj/MovieRatingViewController.storyboard; sourceTree = "<group>"; };
		55BB8643251FA1CF00F17D7F /* es-419 */ = {isa = PBXFileReference; lastKnownFileType = text.plist.strings; name = "es-419"; path = "es-419.lproj/MovieRatingViewController.strings"; sourceTree = "<group>"; };
		55C4F40625180E9F002B73A9 /* CrewCreditViewModel.swift */ = {isa = PBXFileReference; lastKnownFileType = sourcecode.swift; path = CrewCreditViewModel.swift; sourceTree = "<group>"; };
		55C4F409251814AF002B73A9 /* CastCreditViewModel.swift */ = {isa = PBXFileReference; lastKnownFileType = sourcecode.swift; path = CastCreditViewModel.swift; sourceTree = "<group>"; };
		55CB9F6B251917A300E13891 /* MovieBannerCellConfigurator.swift */ = {isa = PBXFileReference; lastKnownFileType = sourcecode.swift; path = MovieBannerCellConfigurator.swift; sourceTree = "<group>"; };
		55CB9F6E251918EE00E13891 /* MovieRatingListCellConfigurator.swift */ = {isa = PBXFileReference; lastKnownFileType = sourcecode.swift; path = MovieRatingListCellConfigurator.swift; sourceTree = "<group>"; };
		55D05CBE251AE48100FD5F8C /* User.swift */ = {isa = PBXFileReference; lastKnownFileType = sourcecode.swift; path = User.swift; sourceTree = "<group>"; };
		55D05CC1251AED9300FD5F8C /* UserViewModel.swift */ = {isa = PBXFileReference; lastKnownFileType = sourcecode.swift; path = UserViewModel.swift; sourceTree = "<group>"; };
		55D35E1E2517DE1D00114602 /* AlertManager.swift */ = {isa = PBXFileReference; lastKnownFileType = sourcecode.swift; path = AlertManager.swift; sourceTree = "<group>"; };
		55DD1B8D251FB1B000EC8C55 /* MovieVideoViewModel.swift */ = {isa = PBXFileReference; lastKnownFileType = sourcecode.swift; path = MovieVideoViewModel.swift; sourceTree = "<group>"; };
		55DD1B90251FB59500EC8C55 /* YoutubeVideoCell.swift */ = {isa = PBXFileReference; lastKnownFileType = sourcecode.swift; path = YoutubeVideoCell.swift; sourceTree = "<group>"; };
		55DD1B91251FB59500EC8C55 /* YoutubeVideoCell.xib */ = {isa = PBXFileReference; lastKnownFileType = file.xib; path = YoutubeVideoCell.xib; sourceTree = "<group>"; };
		55DD1B96251FC5FB00EC8C55 /* CountryArrayTransformer.swift */ = {isa = PBXFileReference; lastKnownFileType = sourcecode.swift; path = CountryArrayTransformer.swift; sourceTree = "<group>"; };
		55E3E5072516EA6300D6FAA9 /* CrewCreditInfoListCellConfigurator.swift */ = {isa = PBXFileReference; lastKnownFileType = sourcecode.swift; path = CrewCreditInfoListCellConfigurator.swift; sourceTree = "<group>"; };
		55E3E50A2516ED1500D6FAA9 /* MovieDetailsInfoCellConfigurator.swift */ = {isa = PBXFileReference; lastKnownFileType = sourcecode.swift; path = MovieDetailsInfoCellConfigurator.swift; sourceTree = "<group>"; };
		55EDD34E2513E161004F8117 /* ListViewController.swift */ = {isa = PBXFileReference; lastKnownFileType = sourcecode.swift; path = ListViewController.swift; sourceTree = "<group>"; };
		55EDD3512513E346004F8117 /* LoadingCell.swift */ = {isa = PBXFileReference; lastKnownFileType = sourcecode.swift; path = LoadingCell.swift; sourceTree = "<group>"; };
		55EDD3522513E346004F8117 /* LoadingCell.xib */ = {isa = PBXFileReference; lastKnownFileType = file.xib; path = LoadingCell.xib; sourceTree = "<group>"; };
		55EDD3562513F0C0004F8117 /* ListViewDataSource.swift */ = {isa = PBXFileReference; lastKnownFileType = sourcecode.swift; path = ListViewDataSource.swift; sourceTree = "<group>"; };
		55EDD35F2513F2E0004F8117 /* MovieInfoCellConfigurator.swift */ = {isa = PBXFileReference; lastKnownFileType = sourcecode.swift; path = MovieInfoCellConfigurator.swift; sourceTree = "<group>"; };
		55EE519B251E8CF800915AB3 /* UserProfileHeaderView.swift */ = {isa = PBXFileReference; lastKnownFileType = sourcecode.swift; path = UserProfileHeaderView.swift; sourceTree = "<group>"; };
		55EE51A0251E99B100915AB3 /* EmptyMovieCell.swift */ = {isa = PBXFileReference; lastKnownFileType = sourcecode.swift; path = EmptyMovieCell.swift; sourceTree = "<group>"; };
		55EE51A1251E99B100915AB3 /* EmptyMovieCell.xib */ = {isa = PBXFileReference; lastKnownFileType = file.xib; path = EmptyMovieCell.xib; sourceTree = "<group>"; };
		55EE51A6251EC5DE00915AB3 /* UIColor+AppColors.swift */ = {isa = PBXFileReference; lastKnownFileType = sourcecode.swift; path = "UIColor+AppColors.swift"; sourceTree = "<group>"; };
		55EE51AA251ECF5800915AB3 /* RoundImageView.swift */ = {isa = PBXFileReference; lastKnownFileType = sourcecode.swift; path = RoundImageView.swift; sourceTree = "<group>"; };
		55EECCDE251190990041EAE7 /* UIViewController+Storyboard.swift */ = {isa = PBXFileReference; lastKnownFileType = sourcecode.swift; path = "UIViewController+Storyboard.swift"; sourceTree = "<group>"; };
		55EECCE425119A1A0041EAE7 /* MainCoordinator.swift */ = {isa = PBXFileReference; lastKnownFileType = sourcecode.swift; path = MainCoordinator.swift; sourceTree = "<group>"; };
		55EEF7462512B8AF006C4B11 /* MovieDetailViewController.swift */ = {isa = PBXFileReference; lastKnownFileType = sourcecode.swift; path = MovieDetailViewController.swift; sourceTree = "<group>"; };
		55FEF44E25141A40009363F8 /* CreditPhotoListCell.swift */ = {isa = PBXFileReference; lastKnownFileType = sourcecode.swift; path = CreditPhotoListCell.swift; sourceTree = "<group>"; };
		55FEF44F25141A40009363F8 /* CreditPhotoListCell.xib */ = {isa = PBXFileReference; lastKnownFileType = file.xib; path = CreditPhotoListCell.xib; sourceTree = "<group>"; };
/* End PBXFileReference section */

/* Begin PBXFrameworksBuildPhase section */
		559D131A22D98E4800C96FC8 /* Frameworks */ = {
			isa = PBXFrameworksBuildPhase;
			buildActionMask = 2147483647;
			files = (
				558A5A93251054F600E5FB40 /* Alamofire in Frameworks */,
				55604678251BC01A0037D08B /* Lightbox in Frameworks */,
				55D35E1C2517DE0D00114602 /* Loaf in Frameworks */,
				55604684251BCC320037D08B /* SPStorkController in Frameworks */,
				55A73A04251AAE410024C907 /* AlamofireImage in Frameworks */,
				558A5A90251054C700E5FB40 /* ObjectMapper in Frameworks */,
				557FFA8F251A65B700D79F68 /* KeychainAccess in Frameworks */,
			);
			runOnlyForDeploymentPostprocessing = 0;
		};
/* End PBXFrameworksBuildPhase section */

/* Begin PBXGroup section */
		5506BAA92512E2B10052B0F2 /* Home */ = {
			isa = PBXGroup;
			children = (
				555A14452523D97B0024AFAA /* HomeCollectionViewController.swift */,
				555A14442523D97B0024AFAA /* HomeMovieListSection.swift */,
			);
			path = Home;
			sourceTree = "<group>";
		};
		552E7059251547C4009CC4CD /* ObjectMapper */ = {
			isa = PBXGroup;
			children = (
				55A6A9912511A72800305C29 /* MovieGenreTransformer.swift */,
				552E70562515464C009CC4CD /* MovieGenreDictionaryTransformer.swift */,
				55AA7D99251BED8100C9E39A /* MovieUserRatedTransform.swift */,
				55DD1B96251FC5FB00EC8C55 /* CountryArrayTransformer.swift */,
			);
			path = ObjectMapper;
			sourceTree = "<group>";
		};
		552E705A251547D7009CC4CD /* Cells */ = {
			isa = PBXGroup;
			children = (
				5506BAB72512EC9F0052B0F2 /* CreditCell.swift */,
				5506BABA2512ECB00052B0F2 /* CreditCell.xib */,
				55FEF44E25141A40009363F8 /* CreditPhotoListCell.swift */,
				55FEF44F25141A40009363F8 /* CreditPhotoListCell.xib */,
				551E79252513CBD700EE2FCA /* InfoListCell.swift */,
				551E79262513CBD700EE2FCA /* InfoListCell.xib */,
				55EDD3512513E346004F8117 /* LoadingCell.swift */,
				55EDD3522513E346004F8117 /* LoadingCell.xib */,
				558A5A8A251053C600E5FB40 /* MovieBannerCell.swift */,
				558A5A8B251053C600E5FB40 /* MovieBannerCell.xib */,
				5587114825108079005A0975 /* MovieInfoListCell.swift */,
				5587114925108079005A0975 /* MovieInfoListCell.xib */,
				55164AF925154A6400D219BC /* MoviePosterInfoCell.swift */,
				55164AFA25154A6500D219BC /* MoviePosterInfoCell.xib */,
				558A5A9925106F8900E5FB40 /* MovieRatingListCell.swift */,
				558A5A9A25106F8900E5FB40 /* MovieRatingListCell.xib */,
				55EE51A0251E99B100915AB3 /* EmptyMovieCell.swift */,
				55EE51A1251E99B100915AB3 /* EmptyMovieCell.xib */,
				5570358A251EE7C80083089C /* TrailerCell.swift */,
				551A293F251F1BC4003746EE /* TrailerCell.xib */,
				554DE175251EF83C000286D2 /* OverviewCell.swift */,
				554DE176251EF83C000286D2 /* OverviewCell.xib */,
				554DE17A251EFC07000286D2 /* UserActionsCell.swift */,
				551A2938251F1B3C003746EE /* UserActionsCell.xib */,
				55DD1B90251FB59500EC8C55 /* YoutubeVideoCell.swift */,
				55DD1B91251FB59500EC8C55 /* YoutubeVideoCell.xib */,
			);
			path = Cells;
			sourceTree = "<group>";
		};
		552E705F251547F5009CC4CD /* Views */ = {
			isa = PBXGroup;
			children = (
				5588A0BC251DBC10004B3C6A /* RatingsView */,
				55915772251438390085DB69 /* BlurBackgroundView.swift */,
				55915775251438450085DB69 /* BlurBackgroundView.xib */,
				5502F500251C2D38003EEC0A /* CustomButton.swift */,
				55EE51AA251ECF5800915AB3 /* RoundImageView.swift */,
				556AB1932514680A0023D278 /* DotRatingsView.swift */,
			);
			name = Views;
			sourceTree = "<group>";
		};
		554DE184251F0C23000286D2 /* ViewModel */ = {
			isa = PBXGroup;
			children = (
				55D05CC1251AED9300FD5F8C /* UserViewModel.swift */,
				558A63AE2512AD5D0064438D /* MovieViewModel.swift */,
				55C4F40625180E9F002B73A9 /* CrewCreditViewModel.swift */,
				55C4F409251814AF002B73A9 /* CastCreditViewModel.swift */,
				55DD1B8D251FB1B000EC8C55 /* MovieVideoViewModel.swift */,
			);
			path = ViewModel;
			sourceTree = "<group>";
		};
		5550409A251E707900D919FF /* User Profile */ = {
			isa = PBXGroup;
			children = (
				5550409B251E70A400D919FF /* UserProfileViewController.swift */,
				5599B2A2252429C60075473C /* UserProfileHeaderSection.swift */,
				5599B2A525242E5B0075473C /* UserProfileMovieListSection.swift */,
				55EE519B251E8CF800915AB3 /* UserProfileHeaderView.swift */,
				551A2932251F194F003746EE /* UserProfileHeaderView.xib */,
			);
			path = "User Profile";
			sourceTree = "<group>";
		};
		55518D4A251151B300DAEB7F /* Movie Detail */ = {
			isa = PBXGroup;
			children = (
				556B78602524F21100F212D1 /* Sections */,
				556B78612524F21700F212D1 /* Views */,
				55EEF7462512B8AF006C4B11 /* MovieDetailViewController.swift */,
			);
			path = "Movie Detail";
			sourceTree = "<group>";
		};
		55596E022513071400A2B821 /* Configurators */ = {
			isa = PBXGroup;
			children = (
				5562461325156083005E63AB /* Suplementary Views */,
				5562461425156091005E63AB /* Cells */,
			);
			path = Configurators;
			sourceTree = "<group>";
		};
		555A14422523D97B0024AFAA /* Protocols */ = {
			isa = PBXGroup;
			children = (
				55893B6D2513F56D00233677 /* ArrayDataProvider.swift */,
				5535CE6A251406E700260617 /* CellConfigurator.swift */,
				555A14432523D97B0024AFAA /* GenericCollection.swift */,
				555A14462523D97B0024AFAA /* GenericCollectionDataSource.swift */,
				555A14472523D97B0024AFAA /* ConfigurableSection.swift */,
			);
			path = Protocols;
			sourceTree = "<group>";
		};
		55614008252008D100F1AA5B /* Assets */ = {
			isa = PBXGroup;
			children = (
				559D132722D98E4B00C96FC8 /* Assets.xcassets */,
				55164AFE25154AD200D219BC /* ExampleImages.xcassets */,
				551A290F251F16F7003746EE /* Localizable.strings */,
				559D132922D98E4B00C96FC8 /* LaunchScreen.storyboard */,
			);
			path = Assets;
			sourceTree = "<group>";
		};
		5562461325156083005E63AB /* Suplementary Views */ = {
			isa = PBXGroup;
			children = (
				55596DFF251305BC00A2B821 /* MovieDetailTitleSectionConfigurator.swift */,
				55596E052513076E00A2B821 /* HomeTitleSectionConfigurator.swift */,
			);
			name = "Suplementary Views";
			sourceTree = "<group>";
		};
		5562461425156091005E63AB /* Cells */ = {
			isa = PBXGroup;
			children = (
				55EDD35F2513F2E0004F8117 /* MovieInfoCellConfigurator.swift */,
				55219B21251413B100D49F4F /* CrewCreditPhotoListCellConfigurator.swift */,
				55219B262514187900D49F4F /* CastCreditPhotoListCellConfigurator.swift */,
				55164B0525154E5B00D219BC /* MoviePosterTitleRatingCellConfigurator.swift */,
				55CB9F6B251917A300E13891 /* MovieBannerCellConfigurator.swift */,
				55164B09251555EF00D219BC /* MoviePosterTitleDateCellConfigurator.swift */,
				55E3E5072516EA6300D6FAA9 /* CrewCreditInfoListCellConfigurator.swift */,
				55E3E50A2516ED1500D6FAA9 /* MovieDetailsInfoCellConfigurator.swift */,
				557BDC8525191636006025D0 /* CastCreditCellConfigurator.swift */,
				55CB9F6E251918EE00E13891 /* MovieRatingListCellConfigurator.swift */,
			);
			path = Cells;
			sourceTree = "<group>";
		};
		556246192515610F005E63AB /* Coordinator */ = {
			isa = PBXGroup;
			children = (
				55EECCE425119A1A0041EAE7 /* MainCoordinator.swift */,
			);
			path = Coordinator;
			sourceTree = "<group>";
		};
		5562461A2515611A005E63AB /* Service */ = {
			isa = PBXGroup;
			children = (
				557FFA8A251A625900D79F68 /* SessionManager.swift */,
				5545203A22D99D8F004B7924 /* MovieDBService.swift */,
			);
			path = Service;
			sourceTree = "<group>";
		};
		556B78602524F21100F212D1 /* Sections */ = {
			isa = PBXGroup;
			children = (
				556B78622524F23600F212D1 /* MovieDetailHeaderSection.swift */,
				556B786A2524F76800F212D1 /* MovieDetailOverviewSection.swift */,
				556B78662524F6DD00F212D1 /* LoadingSection.swift */,
				5532CF862524FC0600663844 /* MovieDetailTrailerSection.swift */,
				5532CF892524FE0900663844 /* MovieDetailCastSection.swift */,
				5532CF8D2525013700663844 /* MovieDetailCrewSection.swift */,
				5532CF902525029400663844 /* MovieDetailVideoSection.swift */,
				5532CF93252503FE00663844 /* MovieDetailRecommendedSection.swift */,
				5532CF962525059200663844 /* MovieDetailInfoSection.swift */,
			);
			path = Sections;
			sourceTree = "<group>";
		};
		556B78612524F21700F212D1 /* Views */ = {
			isa = PBXGroup;
			children = (
				55135E712512C866004C4361 /* MovieDetailHeaderView.swift */,
				5506BAB42512E64A0052B0F2 /* MovieDetailHeaderView.xib */,
				5560466B251BB4000037D08B /* MovieRatingViewController.swift */,
				55BB8640251FA1CB00F17D7F /* MovieRatingViewController.storyboard */,
			);
			path = Views;
			sourceTree = "<group>";
		};
		557FFA95251A6D5400D79F68 /* Login */ = {
			isa = PBXGroup;
			children = (
				557FFA96251A6D7100D79F68 /* LoginViewController.swift */,
				551A2924251F189B003746EE /* LoginViewController.storyboard */,
			);
			path = Login;
			sourceTree = "<group>";
		};
		5587114C25108082005A0975 /* Cells + Views */ = {
			isa = PBXGroup;
			children = (
				55893B6A2513F4EA00233677 /* CollectionView Reusable */,
				552E705A251547D7009CC4CD /* Cells */,
				552E705F251547F5009CC4CD /* Views */,
			);
			path = "Cells + Views";
			sourceTree = "<group>";
		};
		5588A0BC251DBC10004B3C6A /* RatingsView */ = {
			isa = PBXGroup;
			children = (
				55B5D7502515D8B700E1076D /* RatingsView.swift */,
				55741D06251D7B9300A6281B /* ProgressLayer.swift */,
			);
			name = RatingsView;
			sourceTree = "<group>";
		};
		55893B6A2513F4EA00233677 /* CollectionView Reusable */ = {
			isa = PBXGroup;
			children = (
				558A5A9725106C1400E5FB40 /* SectionBackgroundDecorationView.swift */,
				55518D422511292E00DAEB7F /* SectionTitleView.swift */,
				551A292B251F18E9003746EE /* SectionTitleView.xib */,
			);
			path = "CollectionView Reusable";
			sourceTree = "<group>";
		};
		559D131422D98E4700C96FC8 = {
			isa = PBXGroup;
			children = (
				559D131F22D98E4800C96FC8 /* MovieDemo */,
				559D131E22D98E4800C96FC8 /* Products */,
			);
			sourceTree = "<group>";
		};
		559D131E22D98E4800C96FC8 /* Products */ = {
			isa = PBXGroup;
			children = (
				559D131D22D98E4800C96FC8 /* MovieDemo.app */,
			);
			name = Products;
			sourceTree = "<group>";
		};
		559D131F22D98E4800C96FC8 /* MovieDemo */ = {
			isa = PBXGroup;
			children = (
				559D132022D98E4800C96FC8 /* AppDelegate.swift */,
				55A6A9902511A70E00305C29 /* Utils */,
				55EECCDB2511905A0041EAE7 /* Extensions */,
				556246192515610F005E63AB /* Coordinator */,
				555A14422523D97B0024AFAA /* Protocols */,
				5562461A2515611A005E63AB /* Service */,
				55E07D7A22D9983C00AF0144 /* Model */,
				554DE184251F0C23000286D2 /* ViewModel */,
				55EECCD825117C3B0041EAE7 /* Data Providers */,
				5587114C25108082005A0975 /* Cells + Views */,
				55596E022513071400A2B821 /* Configurators */,
				557FFA95251A6D5400D79F68 /* Login */,
				5550409A251E707900D919FF /* User Profile */,
				5506BAA92512E2B10052B0F2 /* Home */,
				55518D4A251151B300DAEB7F /* Movie Detail */,
				55AA47102506B13A00E25C59 /* Lists */,
				55614008252008D100F1AA5B /* Assets */,
				559D132C22D98E4B00C96FC8 /* Info.plist */,
			);
			path = MovieDemo;
			sourceTree = "<group>";
		};
		55A6A9902511A70E00305C29 /* Utils */ = {
			isa = PBXGroup;
			children = (
				552E7059251547C4009CC4CD /* ObjectMapper */,
				5506BAAC2512E2B10052B0F2 /* MoviesCompositionalLayoutBuilder.swift */,
				55D35E1E2517DE1D00114602 /* AlertManager.swift */,
				5560467B251BC4ED0037D08B /* ActivityIndicator.swift */,
			);
			path = Utils;
			sourceTree = "<group>";
		};
		55AA47102506B13A00E25C59 /* Lists */ = {
			isa = PBXGroup;
			children = (
				55EDD34E2513E161004F8117 /* ListViewController.swift */,
				55EDD3562513F0C0004F8117 /* ListViewDataSource.swift */,
			);
			path = Lists;
			sourceTree = "<group>";
		};
		55E07D7A22D9983C00AF0144 /* Model */ = {
			isa = PBXGroup;
			children = (
				5545203622D99CB0004B7924 /* Movie.swift */,
				55A6A98E2511A6C400305C29 /* MovieGenre.swift */,
				553660F922DAFC0B00BE03BB /* CastCredit.swift */,
				5536610522DB037500BE03BB /* CrewCredit.swift */,
				5570356D251ED37A0083089C /* MovieVideo.swift */,
				55D05CBE251AE48100FD5F8C /* User.swift */,
			);
			path = Model;
			sourceTree = "<group>";
		};
		55EECCD825117C3B0041EAE7 /* Data Providers */ = {
			isa = PBXGroup;
			children = (
				55893B7A2513FEEE00233677 /* StaticArrayDataProvider.swift */,
				55AA47112506B1B900E25C59 /* MovieListDataProvider.swift */,
			);
			path = "Data Providers";
			sourceTree = "<group>";
		};
		55EECCDB2511905A0041EAE7 /* Extensions */ = {
			isa = PBXGroup;
			children = (
				55EECCDE251190990041EAE7 /* UIViewController+Storyboard.swift */,
				55596E0F251317AC00A2B821 /* UIView+Nib.swift */,
				55677461251735E90066B6E4 /* UICollectionViewCell+Register.swift */,
				556774642517385F0066B6E4 /* UICollectionReusableView+Register.swift */,
				55741CE1251CFCAC00A6281B /* Double+Math.swift */,
				55EE51A6251EC5DE00915AB3 /* UIColor+AppColors.swift */,
			);
			path = Extensions;
			sourceTree = "<group>";
		};
/* End PBXGroup section */

/* Begin PBXNativeTarget section */
		559D131C22D98E4800C96FC8 /* MovieDemo */ = {
			isa = PBXNativeTarget;
			buildConfigurationList = 559D132F22D98E4B00C96FC8 /* Build configuration list for PBXNativeTarget "MovieDemo" */;
			buildPhases = (
				559D131922D98E4800C96FC8 /* Sources */,
				559D131A22D98E4800C96FC8 /* Frameworks */,
				559D131B22D98E4800C96FC8 /* Resources */,
			);
			buildRules = (
			);
			dependencies = (
			);
			name = MovieDemo;
			packageProductDependencies = (
				558A5A8F251054C700E5FB40 /* ObjectMapper */,
				558A5A92251054F600E5FB40 /* Alamofire */,
				55D35E1B2517DE0D00114602 /* Loaf */,
				557FFA8E251A65B700D79F68 /* KeychainAccess */,
				55A73A03251AAE410024C907 /* AlamofireImage */,
				55604677251BC01A0037D08B /* Lightbox */,
				55604683251BCC320037D08B /* SPStorkController */,
			);
			productName = MovieDemo;
			productReference = 559D131D22D98E4800C96FC8 /* MovieDemo.app */;
			productType = "com.apple.product-type.application";
		};
/* End PBXNativeTarget section */

/* Begin PBXProject section */
		559D131522D98E4800C96FC8 /* Project object */ = {
			isa = PBXProject;
			attributes = {
				LastSwiftUpdateCheck = 1020;
				LastUpgradeCheck = 1200;
				ORGANIZATIONNAME = "Oscar Vernis";
				TargetAttributes = {
					559D131C22D98E4800C96FC8 = {
						CreatedOnToolsVersion = 10.2.1;
						LastSwiftMigration = 1200;
					};
				};
			};
			buildConfigurationList = 559D131822D98E4800C96FC8 /* Build configuration list for PBXProject "MovieDemo" */;
			compatibilityVersion = "Xcode 9.3";
			developmentRegion = en;
			hasScannedForEncodings = 0;
			knownRegions = (
				en,
				Base,
				"es-419",
			);
			mainGroup = 559D131422D98E4700C96FC8;
			packageReferences = (
				558A5A8E251054C700E5FB40 /* XCRemoteSwiftPackageReference "ObjectMapper" */,
				558A5A91251054F600E5FB40 /* XCRemoteSwiftPackageReference "Alamofire" */,
				55D35E1A2517DE0D00114602 /* XCRemoteSwiftPackageReference "Loaf" */,
				557FFA8D251A65B700D79F68 /* XCRemoteSwiftPackageReference "KeychainAccess" */,
				55A73A02251AAE410024C907 /* XCRemoteSwiftPackageReference "AlamofireImage" */,
				55604676251BC01A0037D08B /* XCRemoteSwiftPackageReference "Lightbox" */,
				55604682251BCC310037D08B /* XCRemoteSwiftPackageReference "SPStorkController" */,
			);
			productRefGroup = 559D131E22D98E4800C96FC8 /* Products */;
			projectDirPath = "";
			projectRoot = "";
			targets = (
				559D131C22D98E4800C96FC8 /* MovieDemo */,
			);
		};
/* End PBXProject section */

/* Begin PBXResourcesBuildPhase section */
		559D131B22D98E4800C96FC8 /* Resources */ = {
			isa = PBXResourcesBuildPhase;
			buildActionMask = 2147483647;
			files = (
				55BB863E251FA1CB00F17D7F /* MovieRatingViewController.storyboard in Resources */,
				558A5A9C25106F8900E5FB40 /* MovieRatingListCell.xib in Resources */,
				5506BAB52512E64A0052B0F2 /* MovieDetailHeaderView.xib in Resources */,
				55FEF45125141A40009363F8 /* CreditPhotoListCell.xib in Resources */,
				551A2936251F1B3C003746EE /* UserActionsCell.xib in Resources */,
				559D132B22D98E4B00C96FC8 /* LaunchScreen.storyboard in Resources */,
				551A2930251F194F003746EE /* UserProfileHeaderView.xib in Resources */,
				55DD1B93251FB59500EC8C55 /* YoutubeVideoCell.xib in Resources */,
				559D132822D98E4B00C96FC8 /* Assets.xcassets in Resources */,
				551A2922251F189B003746EE /* LoginViewController.storyboard in Resources */,
				558A5A8D251053C600E5FB40 /* MovieBannerCell.xib in Resources */,
				551A290D251F16F7003746EE /* Localizable.strings in Resources */,
				55EE51A3251E99B100915AB3 /* EmptyMovieCell.xib in Resources */,
				554DE178251EF83C000286D2 /* OverviewCell.xib in Resources */,
				55EDD3542513E346004F8117 /* LoadingCell.xib in Resources */,
				551E79282513CBD700EE2FCA /* InfoListCell.xib in Resources */,
				55164AFC25154A6500D219BC /* MoviePosterInfoCell.xib in Resources */,
				55915776251438450085DB69 /* BlurBackgroundView.xib in Resources */,
				5506BABB2512ECB00052B0F2 /* CreditCell.xib in Resources */,
				551A293D251F1BC4003746EE /* TrailerCell.xib in Resources */,
				5587114B25108079005A0975 /* MovieInfoListCell.xib in Resources */,
				551A2929251F18E9003746EE /* SectionTitleView.xib in Resources */,
			);
			runOnlyForDeploymentPostprocessing = 0;
		};
/* End PBXResourcesBuildPhase section */

/* Begin PBXSourcesBuildPhase section */
		559D131922D98E4800C96FC8 /* Sources */ = {
			isa = PBXSourcesBuildPhase;
			buildActionMask = 2147483647;
			files = (
				55164B0625154E5B00D219BC /* MoviePosterTitleRatingCellConfigurator.swift in Sources */,
				55596E062513076E00A2B821 /* HomeTitleSectionConfigurator.swift in Sources */,
				55915773251438390085DB69 /* BlurBackgroundView.swift in Sources */,
				55219B22251413B100D49F4F /* CrewCreditPhotoListCellConfigurator.swift in Sources */,
				555A144A2523D97B0024AFAA /* HomeMovieListSection.swift in Sources */,
				5536610722DB037500BE03BB /* CrewCredit.swift in Sources */,
				557FFA8B251A625900D79F68 /* SessionManager.swift in Sources */,
				55164AFB25154A6500D219BC /* MoviePosterInfoCell.swift in Sources */,
				55D05CBF251AE48100FD5F8C /* User.swift in Sources */,
				558A5A9825106C1400E5FB40 /* SectionBackgroundDecorationView.swift in Sources */,
				5587114A25108079005A0975 /* MovieInfoListCell.swift in Sources */,
				55EE51A7251EC5DE00915AB3 /* UIColor+AppColors.swift in Sources */,
				55741D07251D7B9300A6281B /* ProgressLayer.swift in Sources */,
				5502F501251C2D38003EEC0A /* CustomButton.swift in Sources */,
				55B5D7512515D8B700E1076D /* RatingsView.swift in Sources */,
				553660FB22DAFC0B00BE03BB /* CastCredit.swift in Sources */,
				554DE177251EF83C000286D2 /* OverviewCell.swift in Sources */,
				5570358C251EE7C80083089C /* TrailerCell.swift in Sources */,
				55EDD34F2513E161004F8117 /* ListViewController.swift in Sources */,
				5532CF912525029400663844 /* MovieDetailVideoSection.swift in Sources */,
				559D132122D98E4800C96FC8 /* AppDelegate.swift in Sources */,
				55DD1B8E251FB1B000EC8C55 /* MovieVideoViewModel.swift in Sources */,
				5560467C251BC4ED0037D08B /* ActivityIndicator.swift in Sources */,
				555A144D2523D97B0024AFAA /* ConfigurableSection.swift in Sources */,
				5599B2A3252429C60075473C /* UserProfileHeaderSection.swift in Sources */,
				55C4F40725180E9F002B73A9 /* CrewCreditViewModel.swift in Sources */,
				55EECCDF251190990041EAE7 /* UIViewController+Storyboard.swift in Sources */,
				556774652517385F0066B6E4 /* UICollectionReusableView+Register.swift in Sources */,
				55D05CC2251AED9300FD5F8C /* UserViewModel.swift in Sources */,
				55DD1B92251FB59500EC8C55 /* YoutubeVideoCell.swift in Sources */,
				551E79272513CBD700EE2FCA /* InfoListCell.swift in Sources */,
				55EE51AB251ECF5800915AB3 /* RoundImageView.swift in Sources */,
				555A14492523D97B0024AFAA /* GenericCollection.swift in Sources */,
				55893B7B2513FEEE00233677 /* StaticArrayDataProvider.swift in Sources */,
				55677462251735E90066B6E4 /* UICollectionViewCell+Register.swift in Sources */,
				55EDD3602513F2E0004F8117 /* MovieInfoCellConfigurator.swift in Sources */,
				55EEF7472512B8AF006C4B11 /* MovieDetailViewController.swift in Sources */,
				55A6A9922511A72800305C29 /* MovieGenreTransformer.swift in Sources */,
				5506BAB82512EC9F0052B0F2 /* CreditCell.swift in Sources */,
				55E3E50B2516ED1500D6FAA9 /* MovieDetailsInfoCellConfigurator.swift in Sources */,
				5550409C251E70A400D919FF /* UserProfileViewController.swift in Sources */,
				55596E00251305BC00A2B821 /* MovieDetailTitleSectionConfigurator.swift in Sources */,
				558A5A8C251053C600E5FB40 /* MovieBannerCell.swift in Sources */,
				554DE17C251EFC07000286D2 /* UserActionsCell.swift in Sources */,
				55CB9F6F251918EE00E13891 /* MovieRatingListCellConfigurator.swift in Sources */,
				55AA47122506B1B900E25C59 /* MovieListDataProvider.swift in Sources */,
				55AA7D9A251BED8100C9E39A /* MovieUserRatedTransform.swift in Sources */,
				55FEF45025141A40009363F8 /* CreditPhotoListCell.swift in Sources */,
				555A144C2523D97B0024AFAA /* GenericCollectionDataSource.swift in Sources */,
				556AB1942514680A0023D278 /* DotRatingsView.swift in Sources */,
				557BDC8625191636006025D0 /* CastCreditCellConfigurator.swift in Sources */,
				55CB9F6C251917A300E13891 /* MovieBannerCellConfigurator.swift in Sources */,
				55135E722512C866004C4361 /* MovieDetailHeaderView.swift in Sources */,
				5599B2A625242E5B0075473C /* UserProfileMovieListSection.swift in Sources */,
				5532CF972525059200663844 /* MovieDetailInfoSection.swift in Sources */,
				55893B6E2513F56D00233677 /* ArrayDataProvider.swift in Sources */,
				5532CF8E2525013700663844 /* MovieDetailCrewSection.swift in Sources */,
				55219B272514187900D49F4F /* CastCreditPhotoListCellConfigurator.swift in Sources */,
				5532CF94252503FE00663844 /* MovieDetailRecommendedSection.swift in Sources */,
				556B786B2524F76800F212D1 /* MovieDetailOverviewSection.swift in Sources */,
				555A144B2523D97B0024AFAA /* HomeCollectionViewController.swift in Sources */,
				5570356E251ED37A0083089C /* MovieVideo.swift in Sources */,
				55D35E1F2517DE1D00114602 /* AlertManager.swift in Sources */,
				5535CE6B251406E700260617 /* CellConfigurator.swift in Sources */,
				55A6A98F2511A6C400305C29 /* MovieGenre.swift in Sources */,
				5532CF872524FC0600663844 /* MovieDetailTrailerSection.swift in Sources */,
				557FFA97251A6D7100D79F68 /* LoginViewController.swift in Sources */,
				55EE51A2251E99B100915AB3 /* EmptyMovieCell.swift in Sources */,
				55518D442511292E00DAEB7F /* SectionTitleView.swift in Sources */,
				556B78632524F23600F212D1 /* MovieDetailHeaderSection.swift in Sources */,
				552E70572515464C009CC4CD /* MovieGenreDictionaryTransformer.swift in Sources */,
				55EDD3572513F0C0004F8117 /* ListViewDataSource.swift in Sources */,
				5506BAB02512E2B10052B0F2 /* MoviesCompositionalLayoutBuilder.swift in Sources */,
				5532CF8A2524FE0900663844 /* MovieDetailCastSection.swift in Sources */,
				5545203822D99CB0004B7924 /* Movie.swift in Sources */,
				556B78672524F6DD00F212D1 /* LoadingSection.swift in Sources */,
				558A63AF2512AD5E0064438D /* MovieViewModel.swift in Sources */,
				55596E10251317AC00A2B821 /* UIView+Nib.swift in Sources */,
				55E3E5082516EA6300D6FAA9 /* CrewCreditInfoListCellConfigurator.swift in Sources */,
				55DD1B97251FC5FB00EC8C55 /* CountryArrayTransformer.swift in Sources */,
				5545203B22D99D8F004B7924 /* MovieDBService.swift in Sources */,
				55EE519D251E8CF800915AB3 /* UserProfileHeaderView.swift in Sources */,
				55C4F40A251814AF002B73A9 /* CastCreditViewModel.swift in Sources */,
				55EDD3532513E346004F8117 /* LoadingCell.swift in Sources */,
				55EECCE525119A1A0041EAE7 /* MainCoordinator.swift in Sources */,
				55741CE2251CFCAC00A6281B /* Double+Math.swift in Sources */,
				558A5A9B25106F8900E5FB40 /* MovieRatingListCell.swift in Sources */,
				5560466C251BB4000037D08B /* MovieRatingViewController.swift in Sources */,
				55164B0A251555EF00D219BC /* MoviePosterTitleDateCellConfigurator.swift in Sources */,
			);
			runOnlyForDeploymentPostprocessing = 0;
		};
/* End PBXSourcesBuildPhase section */

/* Begin PBXVariantGroup section */
		551A290F251F16F7003746EE /* Localizable.strings */ = {
			isa = PBXVariantGroup;
			children = (
				551A290E251F16F7003746EE /* en */,
				551A2912251F1706003746EE /* es-419 */,
			);
			name = Localizable.strings;
			sourceTree = "<group>";
		};
		551A2924251F189B003746EE /* LoginViewController.storyboard */ = {
			isa = PBXVariantGroup;
			children = (
				551A2923251F189B003746EE /* Base */,
				551A2927251F18A4003746EE /* es-419 */,
			);
			name = LoginViewController.storyboard;
			sourceTree = "<group>";
		};
		551A292B251F18E9003746EE /* SectionTitleView.xib */ = {
			isa = PBXVariantGroup;
			children = (
				551A292A251F18E9003746EE /* Base */,
				551A292E251F18F0003746EE /* es-419 */,
			);
			name = SectionTitleView.xib;
			sourceTree = "<group>";
		};
		551A2932251F194F003746EE /* UserProfileHeaderView.xib */ = {
			isa = PBXVariantGroup;
			children = (
				551A2931251F194F003746EE /* Base */,
				551A2934251F195C003746EE /* es-419 */,
			);
			name = UserProfileHeaderView.xib;
			sourceTree = "<group>";
		};
		551A2938251F1B3C003746EE /* UserActionsCell.xib */ = {
			isa = PBXVariantGroup;
			children = (
				551A2937251F1B3C003746EE /* Base */,
				551A293B251F1B45003746EE /* es-419 */,
			);
			name = UserActionsCell.xib;
			sourceTree = "<group>";
		};
		551A293F251F1BC4003746EE /* TrailerCell.xib */ = {
			isa = PBXVariantGroup;
			children = (
				551A293E251F1BC4003746EE /* Base */,
				551A2941251F1BE4003746EE /* es-419 */,
			);
			name = TrailerCell.xib;
			sourceTree = "<group>";
		};
		559D132922D98E4B00C96FC8 /* LaunchScreen.storyboard */ = {
			isa = PBXVariantGroup;
			children = (
				559D132A22D98E4B00C96FC8 /* Base */,
				551A2911251F1706003746EE /* es-419 */,
			);
			name = LaunchScreen.storyboard;
			sourceTree = "<group>";
		};
		55BB8640251FA1CB00F17D7F /* MovieRatingViewController.storyboard */ = {
			isa = PBXVariantGroup;
			children = (
				55BB863F251FA1CB00F17D7F /* Base */,
				55BB8643251FA1CF00F17D7F /* es-419 */,
			);
			name = MovieRatingViewController.storyboard;
			sourceTree = "<group>";
		};
/* End PBXVariantGroup section */

/* Begin XCBuildConfiguration section */
		559D132D22D98E4B00C96FC8 /* Debug */ = {
			isa = XCBuildConfiguration;
			buildSettings = {
				ALWAYS_SEARCH_USER_PATHS = NO;
				CLANG_ANALYZER_LOCALIZABILITY_NONLOCALIZED = YES;
				CLANG_ANALYZER_NONNULL = YES;
				CLANG_ANALYZER_NUMBER_OBJECT_CONVERSION = YES_AGGRESSIVE;
				CLANG_CXX_LANGUAGE_STANDARD = "gnu++14";
				CLANG_CXX_LIBRARY = "libc++";
				CLANG_ENABLE_MODULES = YES;
				CLANG_ENABLE_OBJC_ARC = YES;
				CLANG_ENABLE_OBJC_WEAK = YES;
				CLANG_WARN_BLOCK_CAPTURE_AUTORELEASING = YES;
				CLANG_WARN_BOOL_CONVERSION = YES;
				CLANG_WARN_COMMA = YES;
				CLANG_WARN_CONSTANT_CONVERSION = YES;
				CLANG_WARN_DEPRECATED_OBJC_IMPLEMENTATIONS = YES;
				CLANG_WARN_DIRECT_OBJC_ISA_USAGE = YES_ERROR;
				CLANG_WARN_DOCUMENTATION_COMMENTS = YES;
				CLANG_WARN_EMPTY_BODY = YES;
				CLANG_WARN_ENUM_CONVERSION = YES;
				CLANG_WARN_INFINITE_RECURSION = YES;
				CLANG_WARN_INT_CONVERSION = YES;
				CLANG_WARN_NON_LITERAL_NULL_CONVERSION = YES;
				CLANG_WARN_OBJC_IMPLICIT_RETAIN_SELF = YES;
				CLANG_WARN_OBJC_LITERAL_CONVERSION = YES;
				CLANG_WARN_OBJC_ROOT_CLASS = YES_ERROR;
				CLANG_WARN_QUOTED_INCLUDE_IN_FRAMEWORK_HEADER = YES;
				CLANG_WARN_RANGE_LOOP_ANALYSIS = YES;
				CLANG_WARN_STRICT_PROTOTYPES = YES;
				CLANG_WARN_SUSPICIOUS_MOVE = YES;
				CLANG_WARN_UNGUARDED_AVAILABILITY = YES_AGGRESSIVE;
				CLANG_WARN_UNREACHABLE_CODE = YES;
				CLANG_WARN__DUPLICATE_METHOD_MATCH = YES;
				CODE_SIGN_IDENTITY = "iPhone Developer";
				COPY_PHASE_STRIP = NO;
				DEBUG_INFORMATION_FORMAT = dwarf;
				ENABLE_STRICT_OBJC_MSGSEND = YES;
				ENABLE_TESTABILITY = YES;
				GCC_C_LANGUAGE_STANDARD = gnu11;
				GCC_DYNAMIC_NO_PIC = NO;
				GCC_NO_COMMON_BLOCKS = YES;
				GCC_OPTIMIZATION_LEVEL = 0;
				GCC_PREPROCESSOR_DEFINITIONS = (
					"DEBUG=1",
					"$(inherited)",
				);
				GCC_WARN_64_TO_32_BIT_CONVERSION = YES;
				GCC_WARN_ABOUT_RETURN_TYPE = YES_ERROR;
				GCC_WARN_UNDECLARED_SELECTOR = YES;
				GCC_WARN_UNINITIALIZED_AUTOS = YES_AGGRESSIVE;
				GCC_WARN_UNUSED_FUNCTION = YES;
				GCC_WARN_UNUSED_VARIABLE = YES;
				IPHONEOS_DEPLOYMENT_TARGET = 12.2;
				MTL_ENABLE_DEBUG_INFO = INCLUDE_SOURCE;
				MTL_FAST_MATH = YES;
				ONLY_ACTIVE_ARCH = YES;
				SDKROOT = iphoneos;
				SWIFT_ACTIVE_COMPILATION_CONDITIONS = DEBUG;
				SWIFT_OPTIMIZATION_LEVEL = "-Onone";
			};
			name = Debug;
		};
		559D132E22D98E4B00C96FC8 /* Release */ = {
			isa = XCBuildConfiguration;
			buildSettings = {
				ALWAYS_SEARCH_USER_PATHS = NO;
				CLANG_ANALYZER_LOCALIZABILITY_NONLOCALIZED = YES;
				CLANG_ANALYZER_NONNULL = YES;
				CLANG_ANALYZER_NUMBER_OBJECT_CONVERSION = YES_AGGRESSIVE;
				CLANG_CXX_LANGUAGE_STANDARD = "gnu++14";
				CLANG_CXX_LIBRARY = "libc++";
				CLANG_ENABLE_MODULES = YES;
				CLANG_ENABLE_OBJC_ARC = YES;
				CLANG_ENABLE_OBJC_WEAK = YES;
				CLANG_WARN_BLOCK_CAPTURE_AUTORELEASING = YES;
				CLANG_WARN_BOOL_CONVERSION = YES;
				CLANG_WARN_COMMA = YES;
				CLANG_WARN_CONSTANT_CONVERSION = YES;
				CLANG_WARN_DEPRECATED_OBJC_IMPLEMENTATIONS = YES;
				CLANG_WARN_DIRECT_OBJC_ISA_USAGE = YES_ERROR;
				CLANG_WARN_DOCUMENTATION_COMMENTS = YES;
				CLANG_WARN_EMPTY_BODY = YES;
				CLANG_WARN_ENUM_CONVERSION = YES;
				CLANG_WARN_INFINITE_RECURSION = YES;
				CLANG_WARN_INT_CONVERSION = YES;
				CLANG_WARN_NON_LITERAL_NULL_CONVERSION = YES;
				CLANG_WARN_OBJC_IMPLICIT_RETAIN_SELF = YES;
				CLANG_WARN_OBJC_LITERAL_CONVERSION = YES;
				CLANG_WARN_OBJC_ROOT_CLASS = YES_ERROR;
				CLANG_WARN_QUOTED_INCLUDE_IN_FRAMEWORK_HEADER = YES;
				CLANG_WARN_RANGE_LOOP_ANALYSIS = YES;
				CLANG_WARN_STRICT_PROTOTYPES = YES;
				CLANG_WARN_SUSPICIOUS_MOVE = YES;
				CLANG_WARN_UNGUARDED_AVAILABILITY = YES_AGGRESSIVE;
				CLANG_WARN_UNREACHABLE_CODE = YES;
				CLANG_WARN__DUPLICATE_METHOD_MATCH = YES;
				CODE_SIGN_IDENTITY = "iPhone Developer";
				COPY_PHASE_STRIP = NO;
				DEBUG_INFORMATION_FORMAT = "dwarf-with-dsym";
				ENABLE_NS_ASSERTIONS = NO;
				ENABLE_STRICT_OBJC_MSGSEND = YES;
				GCC_C_LANGUAGE_STANDARD = gnu11;
				GCC_NO_COMMON_BLOCKS = YES;
				GCC_WARN_64_TO_32_BIT_CONVERSION = YES;
				GCC_WARN_ABOUT_RETURN_TYPE = YES_ERROR;
				GCC_WARN_UNDECLARED_SELECTOR = YES;
				GCC_WARN_UNINITIALIZED_AUTOS = YES_AGGRESSIVE;
				GCC_WARN_UNUSED_FUNCTION = YES;
				GCC_WARN_UNUSED_VARIABLE = YES;
				IPHONEOS_DEPLOYMENT_TARGET = 12.2;
				MTL_ENABLE_DEBUG_INFO = NO;
				MTL_FAST_MATH = YES;
				SDKROOT = iphoneos;
				SWIFT_COMPILATION_MODE = wholemodule;
				SWIFT_OPTIMIZATION_LEVEL = "-O";
				VALIDATE_PRODUCT = YES;
			};
			name = Release;
		};
		559D133022D98E4B00C96FC8 /* Debug */ = {
			isa = XCBuildConfiguration;
			buildSettings = {
				ASSETCATALOG_COMPILER_APPICON_NAME = AppIcon;
				CLANG_ENABLE_MODULES = YES;
				CODE_SIGN_STYLE = Automatic;
				DEVELOPMENT_TEAM = 2YV25EQER7;
				INFOPLIST_FILE = MovieDemo/Info.plist;
				IPHONEOS_DEPLOYMENT_TARGET = 13.5;
				LD_RUNPATH_SEARCH_PATHS = (
					"$(inherited)",
					"@executable_path/Frameworks",
				);
				PRODUCT_BUNDLE_IDENTIFIER = oscarvernis.MovieDemo;
				PRODUCT_NAME = "$(TARGET_NAME)";
				SWIFT_OPTIMIZATION_LEVEL = "-Onone";
				SWIFT_VERSION = 5.0;
				TARGETED_DEVICE_FAMILY = 1;
			};
			name = Debug;
		};
		559D133122D98E4B00C96FC8 /* Release */ = {
			isa = XCBuildConfiguration;
			buildSettings = {
				ASSETCATALOG_COMPILER_APPICON_NAME = AppIcon;
				CLANG_ENABLE_MODULES = YES;
				CODE_SIGN_STYLE = Automatic;
				DEVELOPMENT_TEAM = 2YV25EQER7;
				INFOPLIST_FILE = MovieDemo/Info.plist;
				IPHONEOS_DEPLOYMENT_TARGET = 13.5;
				LD_RUNPATH_SEARCH_PATHS = (
					"$(inherited)",
					"@executable_path/Frameworks",
				);
				PRODUCT_BUNDLE_IDENTIFIER = oscarvernis.MovieDemo;
				PRODUCT_NAME = "$(TARGET_NAME)";
				SWIFT_VERSION = 5.0;
				TARGETED_DEVICE_FAMILY = 1;
			};
			name = Release;
		};
/* End XCBuildConfiguration section */

/* Begin XCConfigurationList section */
		559D131822D98E4800C96FC8 /* Build configuration list for PBXProject "MovieDemo" */ = {
			isa = XCConfigurationList;
			buildConfigurations = (
				559D132D22D98E4B00C96FC8 /* Debug */,
				559D132E22D98E4B00C96FC8 /* Release */,
			);
			defaultConfigurationIsVisible = 0;
			defaultConfigurationName = Release;
		};
		559D132F22D98E4B00C96FC8 /* Build configuration list for PBXNativeTarget "MovieDemo" */ = {
			isa = XCConfigurationList;
			buildConfigurations = (
				559D133022D98E4B00C96FC8 /* Debug */,
				559D133122D98E4B00C96FC8 /* Release */,
			);
			defaultConfigurationIsVisible = 0;
			defaultConfigurationName = Release;
		};
/* End XCConfigurationList section */

/* Begin XCRemoteSwiftPackageReference section */
		55604676251BC01A0037D08B /* XCRemoteSwiftPackageReference "Lightbox" */ = {
			isa = XCRemoteSwiftPackageReference;
			repositoryURL = "https://github.com/hyperoslo/Lightbox";
			requirement = {
				branch = master;
				kind = branch;
			};
		};
		55604682251BCC310037D08B /* XCRemoteSwiftPackageReference "SPStorkController" */ = {
			isa = XCRemoteSwiftPackageReference;
			repositoryURL = "https://github.com/ivanvorobei/SPStorkController";
			requirement = {
				kind = upToNextMajorVersion;
				minimumVersion = 1.8.2;
			};
		};
		557FFA8D251A65B700D79F68 /* XCRemoteSwiftPackageReference "KeychainAccess" */ = {
			isa = XCRemoteSwiftPackageReference;
			repositoryURL = "https://github.com/kishikawakatsumi/KeychainAccess";
			requirement = {
				kind = upToNextMajorVersion;
				minimumVersion = 4.2.1;
			};
		};
		558A5A8E251054C700E5FB40 /* XCRemoteSwiftPackageReference "ObjectMapper" */ = {
			isa = XCRemoteSwiftPackageReference;
			repositoryURL = "https://github.com/tristanhimmelman/ObjectMapper";
			requirement = {
				kind = upToNextMajorVersion;
				minimumVersion = 4.2.0;
			};
		};
		558A5A91251054F600E5FB40 /* XCRemoteSwiftPackageReference "Alamofire" */ = {
			isa = XCRemoteSwiftPackageReference;
			repositoryURL = "https://github.com/Alamofire/Alamofire";
			requirement = {
				kind = upToNextMajorVersion;
				minimumVersion = 5.2.2;
			};
		};
		55A73A02251AAE410024C907 /* XCRemoteSwiftPackageReference "AlamofireImage" */ = {
			isa = XCRemoteSwiftPackageReference;
			repositoryURL = "https://github.com/Alamofire/AlamofireImage";
			requirement = {
				kind = upToNextMajorVersion;
				minimumVersion = 4.1.0;
			};
		};
		55D35E1A2517DE0D00114602 /* XCRemoteSwiftPackageReference "Loaf" */ = {
			isa = XCRemoteSwiftPackageReference;
			repositoryURL = "https://github.com/schmidyy/Loaf";
			requirement = {
				kind = upToNextMajorVersion;
				minimumVersion = 0.6.0;
			};
		};
/* End XCRemoteSwiftPackageReference section */

/* Begin XCSwiftPackageProductDependency section */
		55604677251BC01A0037D08B /* Lightbox */ = {
			isa = XCSwiftPackageProductDependency;
			package = 55604676251BC01A0037D08B /* XCRemoteSwiftPackageReference "Lightbox" */;
			productName = Lightbox;
		};
		55604683251BCC320037D08B /* SPStorkController */ = {
			isa = XCSwiftPackageProductDependency;
			package = 55604682251BCC310037D08B /* XCRemoteSwiftPackageReference "SPStorkController" */;
			productName = SPStorkController;
		};
		557FFA8E251A65B700D79F68 /* KeychainAccess */ = {
			isa = XCSwiftPackageProductDependency;
			package = 557FFA8D251A65B700D79F68 /* XCRemoteSwiftPackageReference "KeychainAccess" */;
			productName = KeychainAccess;
		};
		558A5A8F251054C700E5FB40 /* ObjectMapper */ = {
			isa = XCSwiftPackageProductDependency;
			package = 558A5A8E251054C700E5FB40 /* XCRemoteSwiftPackageReference "ObjectMapper" */;
			productName = ObjectMapper;
		};
		558A5A92251054F600E5FB40 /* Alamofire */ = {
			isa = XCSwiftPackageProductDependency;
			package = 558A5A91251054F600E5FB40 /* XCRemoteSwiftPackageReference "Alamofire" */;
			productName = Alamofire;
		};
		55A73A03251AAE410024C907 /* AlamofireImage */ = {
			isa = XCSwiftPackageProductDependency;
			package = 55A73A02251AAE410024C907 /* XCRemoteSwiftPackageReference "AlamofireImage" */;
			productName = AlamofireImage;
		};
		55D35E1B2517DE0D00114602 /* Loaf */ = {
			isa = XCSwiftPackageProductDependency;
			package = 55D35E1A2517DE0D00114602 /* XCRemoteSwiftPackageReference "Loaf" */;
			productName = Loaf;
		};
/* End XCSwiftPackageProductDependency section */
	};
	rootObject = 559D131522D98E4800C96FC8 /* Project object */;
}
